
Microsoft Visual Studio Solution File, Format Version 12.00
# Visual Studio 2013
VisualStudioVersion = 12.0.30324.0
MinimumVisualStudioVersion = 10.0.40219.1
Project("{FAE04EC0-301F-11D3-BF4B-00C04F79EFBC}") = "Splat-WP8", "Splat\Splat-WP8.csproj", "{95309EA3-055A-4B66-84DE-7771237CCF6C}"
EndProject
Project("{FAE04EC0-301F-11D3-BF4B-00C04F79EFBC}") = "Splat-NetCore45", "Splat\Splat-NetCore45.csproj", "{18DCE642-06B7-4092-B8F4-30A675DA6929}"
EndProject
Project("{FAE04EC0-301F-11D3-BF4B-00C04F79EFBC}") = "Splat-Net45", "Splat\Splat-Net45.csproj", "{252CE1C2-027A-4445-A3C2-E4D6C80A935A}"
EndProject
Project("{FAE04EC0-301F-11D3-BF4B-00C04F79EFBC}") = "Splat-Portable", "Splat\Splat-Portable.csproj", "{0EC8DBA1-D745-4EE5-993A-6026440EC3BF}"
EndProject
Project("{2150E333-8FDC-42A3-9474-1A3956D46DE8}") = ".nuget", ".nuget", "{5C804897-045A-48CF-B1F7-1DD8BBFD5E1C}"
	ProjectSection(SolutionItems) = preProject
		.nuget\NuGet.Config = .nuget\NuGet.Config
		.nuget\NuGet.exe = .nuget\NuGet.exe
		.nuget\NuGet.targets = .nuget\NuGet.targets
	EndProjectSection
EndProject
Project("{2150E333-8FDC-42A3-9474-1A3956D46DE8}") = "Solution Items", "Solution Items", "{43D7EB91-1B21-490D-9E25-8036E1B53A21}"
	ProjectSection(SolutionItems) = preProject
		Splat.nuspec = Splat.nuspec
	EndProjectSection
EndProject
Project("{FAE04EC0-301F-11D3-BF4B-00C04F79EFBC}") = "Splat-wpa81", "Splat\Splat-wpa81.csproj", "{E3C22E93-6CA9-4781-A3DE-D6DF775E8AE7}"
EndProject
Global
	GlobalSection(SolutionConfigurationPlatforms) = preSolution
		Debug|Any CPU = Debug|Any CPU
		Debug|ARM = Debug|ARM
		Debug|x64 = Debug|x64
		Debug|x86 = Debug|x86
		Release|Any CPU = Release|Any CPU
		Release|ARM = Release|ARM
		Release|x64 = Release|x64
		Release|x86 = Release|x86
	EndGlobalSection
	GlobalSection(ProjectConfigurationPlatforms) = postSolution
		{95309EA3-055A-4B66-84DE-7771237CCF6C}.Debug|Any CPU.ActiveCfg = Debug|Any CPU
		{95309EA3-055A-4B66-84DE-7771237CCF6C}.Debug|Any CPU.Build.0 = Debug|Any CPU
		{95309EA3-055A-4B66-84DE-7771237CCF6C}.Debug|ARM.ActiveCfg = Debug|ARM
		{95309EA3-055A-4B66-84DE-7771237CCF6C}.Debug|ARM.Build.0 = Debug|ARM
		{95309EA3-055A-4B66-84DE-7771237CCF6C}.Debug|x64.ActiveCfg = Debug|Any CPU
		{95309EA3-055A-4B66-84DE-7771237CCF6C}.Debug|x86.ActiveCfg = Debug|x86
		{95309EA3-055A-4B66-84DE-7771237CCF6C}.Debug|x86.Build.0 = Debug|x86
		{95309EA3-055A-4B66-84DE-7771237CCF6C}.Release|Any CPU.ActiveCfg = Release|Any CPU
		{95309EA3-055A-4B66-84DE-7771237CCF6C}.Release|Any CPU.Build.0 = Release|Any CPU
		{95309EA3-055A-4B66-84DE-7771237CCF6C}.Release|ARM.ActiveCfg = Release|ARM
		{95309EA3-055A-4B66-84DE-7771237CCF6C}.Release|ARM.Build.0 = Release|ARM
		{95309EA3-055A-4B66-84DE-7771237CCF6C}.Release|x64.ActiveCfg = Release|Any CPU
		{95309EA3-055A-4B66-84DE-7771237CCF6C}.Release|x86.ActiveCfg = Release|x86
		{95309EA3-055A-4B66-84DE-7771237CCF6C}.Release|x86.Build.0 = Release|x86
		{18DCE642-06B7-4092-B8F4-30A675DA6929}.Debug|Any CPU.ActiveCfg = Debug|Any CPU
		{18DCE642-06B7-4092-B8F4-30A675DA6929}.Debug|Any CPU.Build.0 = Debug|Any CPU
		{18DCE642-06B7-4092-B8F4-30A675DA6929}.Debug|ARM.ActiveCfg = Debug|ARM
		{18DCE642-06B7-4092-B8F4-30A675DA6929}.Debug|ARM.Build.0 = Debug|ARM
		{18DCE642-06B7-4092-B8F4-30A675DA6929}.Debug|x64.ActiveCfg = Debug|x64
		{18DCE642-06B7-4092-B8F4-30A675DA6929}.Debug|x64.Build.0 = Debug|x64
		{18DCE642-06B7-4092-B8F4-30A675DA6929}.Debug|x86.ActiveCfg = Debug|x86
		{18DCE642-06B7-4092-B8F4-30A675DA6929}.Debug|x86.Build.0 = Debug|x86
		{18DCE642-06B7-4092-B8F4-30A675DA6929}.Release|Any CPU.ActiveCfg = Release|Any CPU
		{18DCE642-06B7-4092-B8F4-30A675DA6929}.Release|Any CPU.Build.0 = Release|Any CPU
		{18DCE642-06B7-4092-B8F4-30A675DA6929}.Release|ARM.ActiveCfg = Release|ARM
		{18DCE642-06B7-4092-B8F4-30A675DA6929}.Release|ARM.Build.0 = Release|ARM
		{18DCE642-06B7-4092-B8F4-30A675DA6929}.Release|x64.ActiveCfg = Release|x64
		{18DCE642-06B7-4092-B8F4-30A675DA6929}.Release|x64.Build.0 = Release|x64
		{18DCE642-06B7-4092-B8F4-30A675DA6929}.Release|x86.ActiveCfg = Release|x86
		{18DCE642-06B7-4092-B8F4-30A675DA6929}.Release|x86.Build.0 = Release|x86
		{252CE1C2-027A-4445-A3C2-E4D6C80A935A}.Debug|Any CPU.ActiveCfg = Debug|Any CPU
		{252CE1C2-027A-4445-A3C2-E4D6C80A935A}.Debug|Any CPU.Build.0 = Debug|Any CPU
		{252CE1C2-027A-4445-A3C2-E4D6C80A935A}.Debug|ARM.ActiveCfg = Debug|Any CPU
		{252CE1C2-027A-4445-A3C2-E4D6C80A935A}.Debug|x64.ActiveCfg = Debug|Any CPU
		{252CE1C2-027A-4445-A3C2-E4D6C80A935A}.Debug|x86.ActiveCfg = Debug|Any CPU
		{252CE1C2-027A-4445-A3C2-E4D6C80A935A}.Release|Any CPU.ActiveCfg = Release|Any CPU
		{252CE1C2-027A-4445-A3C2-E4D6C80A935A}.Release|Any CPU.Build.0 = Release|Any CPU
		{252CE1C2-027A-4445-A3C2-E4D6C80A935A}.Release|ARM.ActiveCfg = Release|Any CPU
		{252CE1C2-027A-4445-A3C2-E4D6C80A935A}.Release|x64.ActiveCfg = Release|Any CPU
		{252CE1C2-027A-4445-A3C2-E4D6C80A935A}.Release|x86.ActiveCfg = Release|Any CPU
		{0EC8DBA1-D745-4EE5-993A-6026440EC3BF}.Debug|Any CPU.ActiveCfg = Debug|Any CPU
		{0EC8DBA1-D745-4EE5-993A-6026440EC3BF}.Debug|Any CPU.Build.0 = Debug|Any CPU
		{0EC8DBA1-D745-4EE5-993A-6026440EC3BF}.Debug|ARM.ActiveCfg = Debug|Any CPU
		{0EC8DBA1-D745-4EE5-993A-6026440EC3BF}.Debug|x64.ActiveCfg = Debug|Any CPU
		{0EC8DBA1-D745-4EE5-993A-6026440EC3BF}.Debug|x86.ActiveCfg = Debug|Any CPU
		{0EC8DBA1-D745-4EE5-993A-6026440EC3BF}.Release|Any CPU.ActiveCfg = Release|Any CPU
		{0EC8DBA1-D745-4EE5-993A-6026440EC3BF}.Release|Any CPU.Build.0 = Release|Any CPU
		{0EC8DBA1-D745-4EE5-993A-6026440EC3BF}.Release|ARM.ActiveCfg = Release|Any CPU
		{0EC8DBA1-D745-4EE5-993A-6026440EC3BF}.Release|x64.ActiveCfg = Release|Any CPU
		{0EC8DBA1-D745-4EE5-993A-6026440EC3BF}.Release|x86.ActiveCfg = Release|Any CPU
		{E3C22E93-6CA9-4781-A3DE-D6DF775E8AE7}.Debug|Any CPU.ActiveCfg = Debug|Any CPU
		{E3C22E93-6CA9-4781-A3DE-D6DF775E8AE7}.Debug|Any CPU.Build.0 = Debug|Any CPU
		{E3C22E93-6CA9-4781-A3DE-D6DF775E8AE7}.Debug|ARM.ActiveCfg = Debug|Any CPU
		{E3C22E93-6CA9-4781-A3DE-D6DF775E8AE7}.Debug|x64.ActiveCfg = Debug|Any CPU
		{E3C22E93-6CA9-4781-A3DE-D6DF775E8AE7}.Debug|x86.ActiveCfg = Debug|Any CPU
		{E3C22E93-6CA9-4781-A3DE-D6DF775E8AE7}.Release|Any CPU.ActiveCfg = Release|Any CPU
		{E3C22E93-6CA9-4781-A3DE-D6DF775E8AE7}.Release|Any CPU.Build.0 = Release|Any CPU
		{E3C22E93-6CA9-4781-A3DE-D6DF775E8AE7}.Release|ARM.ActiveCfg = Release|Any CPU
		{E3C22E93-6CA9-4781-A3DE-D6DF775E8AE7}.Release|x64.ActiveCfg = Release|Any CPU
		{E3C22E93-6CA9-4781-A3DE-D6DF775E8AE7}.Release|x86.ActiveCfg = Release|Any CPU
	EndGlobalSection
	GlobalSection(SolutionProperties) = preSolution
		HideSolutionNode = FALSE
	EndGlobalSection
	GlobalSection(MonoDevelopProperties) = preSolution
		StartupItem = Splat\Splat-monotouch.csproj
	EndGlobalSection
EndGlobal
