
Microsoft Visual Studio Solution File, Format Version 11.00
# Visual Studio 2010
Project("{FAE04EC0-301F-11D3-BF4B-00C04F79EFBC}") = "Splat-monotouch", "Splat\Splat-monotouch.csproj", "{95E74294-9538-44F3-AC97-F83760565242}"
EndProject
Project("{FAE04EC0-301F-11D3-BF4B-00C04F79EFBC}") = "Splat-monoandroid", "Splat\Splat-monoandroid.csproj", "{E429F061-65F1-4B17-A122-F6115840D56D}"
EndProject
Project("{FAE04EC0-301F-11D3-BF4B-00C04F79EFBC}") = "Splat-monomac", "Splat\Splat-monomac.csproj", "{252CE1CF-331C-4445-A3C2-E4D6C80A935A}"
EndProject
Project("{FAE04EC0-301F-11D3-BF4B-00C04F79EFBC}") = "Splat-Portable", "Splat\Splat-Portable.csproj", "{0EC8DBA1-D745-4EE5-993A-6026440EC3BF}"
EndProject
Project("{FAE04EC0-301F-11D3-BF4B-00C04F79EFBC}") = "Splat-XamarinIOS", "Splat\Splat-XamarinIOS.csproj", "{E5EEF584-2A8A-4067-8309-15FE4D65DD64}"
EndProject
Project("{FAE04EC0-301F-11D3-BF4B-00C04F79EFBC}") = "Splat-XamarinMac", "Splat\Splat-XamarinMac.csproj", "{990825BE-73ED-4A31-9178-B88119A72F61}"
EndProject
Project("{2150E333-8FDC-42A3-9474-1A3956D46DE8}") = "NuGet", "NuGet", "{CC27C91B-B3B1-4B86-ADAF-6361D0EE495E}"
	ProjectSection(SolutionItems) = preProject
		Splat.nuspec = Splat.nuspec
	EndProjectSection
EndProject
Global
	GlobalSection(SolutionConfigurationPlatforms) = preSolution
		Debug|Any CPU = Debug|Any CPU
		Release|Any CPU = Release|Any CPU
	EndGlobalSection
	GlobalSection(ProjectConfigurationPlatforms) = postSolution
		{0EC8DBA1-D745-4EE5-993A-6026440EC3BF}.Debug|Any CPU.ActiveCfg = Debug|Any CPU
		{0EC8DBA1-D745-4EE5-993A-6026440EC3BF}.Debug|Any CPU.Build.0 = Debug|Any CPU
		{0EC8DBA1-D745-4EE5-993A-6026440EC3BF}.Release|Any CPU.ActiveCfg = Release|Any CPU
		{0EC8DBA1-D745-4EE5-993A-6026440EC3BF}.Release|Any CPU.Build.0 = Release|Any CPU
		{252CE1CF-331C-4445-A3C2-E4D6C80A935A}.Debug|Any CPU.ActiveCfg = Debug|Any CPU
		{252CE1CF-331C-4445-A3C2-E4D6C80A935A}.Debug|Any CPU.Build.0 = Debug|Any CPU
		{252CE1CF-331C-4445-A3C2-E4D6C80A935A}.Release|Any CPU.ActiveCfg = Release|Any CPU
		{252CE1CF-331C-4445-A3C2-E4D6C80A935A}.Release|Any CPU.Build.0 = Release|Any CPU
		{95E74294-9538-44F3-AC97-F83760565242}.Debug|Any CPU.ActiveCfg = Debug|Any CPU
		{95E74294-9538-44F3-AC97-F83760565242}.Debug|Any CPU.Build.0 = Debug|Any CPU
		{95E74294-9538-44F3-AC97-F83760565242}.Release|Any CPU.ActiveCfg = Release|Any CPU
		{95E74294-9538-44F3-AC97-F83760565242}.Release|Any CPU.Build.0 = Release|Any CPU
		{990825BE-73ED-4A31-9178-B88119A72F61}.Debug|Any CPU.ActiveCfg = Debug|Any CPU
		{990825BE-73ED-4A31-9178-B88119A72F61}.Debug|Any CPU.Build.0 = Debug|Any CPU
		{990825BE-73ED-4A31-9178-B88119A72F61}.Release|Any CPU.ActiveCfg = Release|Any CPU
		{990825BE-73ED-4A31-9178-B88119A72F61}.Release|Any CPU.Build.0 = Release|Any CPU
		{E429F061-65F1-4B17-A122-F6115840D56D}.Debug|Any CPU.ActiveCfg = Debug|Any CPU
		{E429F061-65F1-4B17-A122-F6115840D56D}.Debug|Any CPU.Build.0 = Debug|Any CPU
		{E429F061-65F1-4B17-A122-F6115840D56D}.Release|Any CPU.ActiveCfg = Release|Any CPU
		{E429F061-65F1-4B17-A122-F6115840D56D}.Release|Any CPU.Build.0 = Release|Any CPU
		{E5EEF584-2A8A-4067-8309-15FE4D65DD64}.Debug|Any CPU.ActiveCfg = Debug|Any CPU
		{E5EEF584-2A8A-4067-8309-15FE4D65DD64}.Debug|Any CPU.Build.0 = Debug|Any CPU
		{E5EEF584-2A8A-4067-8309-15FE4D65DD64}.Release|Any CPU.ActiveCfg = Release|Any CPU
		{E5EEF584-2A8A-4067-8309-15FE4D65DD64}.Release|Any CPU.Build.0 = Release|Any CPU
	EndGlobalSection
	GlobalSection(NestedProjects) = preSolution
	EndGlobalSection
	GlobalSection(MonoDevelopProperties) = preSolution
		StartupItem = Splat\Splat-monotouch.csproj
		Policies = $0
		$0.TextStylePolicy = $1
		$1.FileWidth = 120
		$1.inheritsSet = VisualStudio
		$1.inheritsScope = text/plain
		$1.scope = text/plain
		$0.CSharpFormattingPolicy = $2
		$2.AutoPropertyFormatting = ForceOneLine
		$2.IndentPreprocessorDirectives = False
		$2.PropertyBraceStyle = NextLine
		$2.EventBraceStyle = NextLine
		$2.EmbeddedStatementPlacement = SameLine
		$2.ArrayInitializerBraceStyle = NextLine
		$2.BeforeMethodDeclarationParentheses = False
		$2.BeforeMethodCallParentheses = False
		$2.BeforeConstructorDeclarationParentheses = False
		$2.BeforeIndexerDeclarationBracket = False
		$2.BeforeDelegateDeclarationParentheses = False
		$2.AfterDelegateDeclarationParameterComma = True
		$2.NewParentheses = False
		$2.SpacesBeforeBrackets = False
		$2.AlignToFirstMethodDeclarationParameter = False
		$2.AlignToFirstIndexerDeclarationParameter = False
		$2.inheritsSet = Mono
		$2.inheritsScope = text/x-csharp
		$2.scope = text/x-csharp
		$0.TextStylePolicy = $3
		$3.inheritsSet = null
		$3.scope = text/x-csharp
	EndGlobalSection
EndGlobal
