
Microsoft Visual Studio Solution File, Format Version 11.00
# Visual Studio 2010
Project("{FAE04EC0-301F-11D3-BF4B-00C04F79EFBC}") = "Splat-monotouch", "Splat\Splat-monotouch.csproj", "{95E74294-9538-44F3-AC97-F83760565242}"
EndProject
Project("{FAE04EC0-301F-11D3-BF4B-00C04F79EFBC}") = "Splat-monoandroid", "Splat\Splat-monoandroid.csproj", "{E429F061-65F1-4B17-A122-F6115840D56D}"
EndProject
Project("{FAE04EC0-301F-11D3-BF4B-00C04F79EFBC}") = "Splat-monomac", "Splat\Splat-monomac.csproj", "{252CE1CF-331C-4445-A3C2-E4D6C80A935A}"
EndProject
Global
	GlobalSection(SolutionConfigurationPlatforms) = preSolution
		Debug|Any CPU = Debug|Any CPU
		Release|Any CPU = Release|Any CPU
	EndGlobalSection
	GlobalSection(ProjectConfigurationPlatforms) = postSolution
		{252CE1CF-331C-4445-A3C2-E4D6C80A935A}.Debug|Any CPU.ActiveCfg = Debug|Any CPU
		{252CE1CF-331C-4445-A3C2-E4D6C80A935A}.Debug|Any CPU.Build.0 = Debug|Any CPU
		{252CE1CF-331C-4445-A3C2-E4D6C80A935A}.Release|Any CPU.ActiveCfg = Release|Any CPU
		{252CE1CF-331C-4445-A3C2-E4D6C80A935A}.Release|Any CPU.Build.0 = Release|Any CPU
		{95E74294-9538-44F3-AC97-F83760565242}.Debug|Any CPU.ActiveCfg = Debug|Any CPU
		{95E74294-9538-44F3-AC97-F83760565242}.Debug|Any CPU.Build.0 = Debug|Any CPU
		{95E74294-9538-44F3-AC97-F83760565242}.Release|Any CPU.ActiveCfg = Release|Any CPU
		{95E74294-9538-44F3-AC97-F83760565242}.Release|Any CPU.Build.0 = Release|Any CPU
		{E429F061-65F1-4B17-A122-F6115840D56D}.Debug|Any CPU.ActiveCfg = Debug|Any CPU
		{E429F061-65F1-4B17-A122-F6115840D56D}.Debug|Any CPU.Build.0 = Debug|Any CPU
		{E429F061-65F1-4B17-A122-F6115840D56D}.Release|Any CPU.ActiveCfg = Release|Any CPU
		{E429F061-65F1-4B17-A122-F6115840D56D}.Release|Any CPU.Build.0 = Release|Any CPU
	EndGlobalSection
	GlobalSection(MonoDevelopProperties) = preSolution
		StartupItem = Splat\Splat-monotouch.csproj
	EndGlobalSection
EndGlobal
