
Microsoft Visual Studio Solution File, Format Version 12.00
# Visual Studio 15
VisualStudioVersion = 15.0.26430.6
MinimumVisualStudioVersion = 10.0.40219.1
Project("{2150E333-8FDC-42A3-9474-1A3956D46DE8}") = "! Solution Items", "! Solution Items", "{43D7EB91-1B21-490D-9E25-8036E1B53A21}"
	ProjectSection(SolutionItems) = preProject
		Splat.nuspec = Splat.nuspec
	EndProjectSection
EndProject
Project("{9A19103F-16F7-4668-BE54-9A1E7A4F7556}") = "Splat", "Splat\Splat.csproj", "{8535BDE3-25B5-41D6-BF5D-2DF766AE879B}"
EndProject
Global
	GlobalSection(SolutionConfigurationPlatforms) = preSolution
		Debug|Any CPU = Debug|Any CPU
		Release|Any CPU = Release|Any CPU
	EndGlobalSection
	GlobalSection(ProjectConfigurationPlatforms) = postSolution
		{8535BDE3-25B5-41D6-BF5D-2DF766AE879B}.Debug|Any CPU.ActiveCfg = Debug|Any CPU
		{8535BDE3-25B5-41D6-BF5D-2DF766AE879B}.Debug|Any CPU.Build.0 = Debug|Any CPU
		{8535BDE3-25B5-41D6-BF5D-2DF766AE879B}.Release|Any CPU.ActiveCfg = Release|Any CPU
		{8535BDE3-25B5-41D6-BF5D-2DF766AE879B}.Release|Any CPU.Build.0 = Release|Any CPU
	EndGlobalSection
	GlobalSection(SolutionProperties) = preSolution
		HideSolutionNode = FALSE
	EndGlobalSection
	GlobalSection(MonoDevelopProperties) = preSolution
		StartupItem = Splat\Splat-monotouch.csproj
	EndGlobalSection
EndGlobal
