
Microsoft Visual Studio Solution File, Format Version 12.00
# Visual Studio Version 17
VisualStudioVersion = 17.6.33829.357
MinimumVisualStudioVersion = 10.0.40219.1
Project("{9A19103F-16F7-4668-BE54-9A1E7A4F7556}") = "Splat", "Splat\Splat.csproj", "{8535BDE3-25B5-41D6-BF5D-2DF766AE879B}"
EndProject
Project("{2150E333-8FDC-42A3-9474-1A3956D46DE8}") = "Solution Items", "Solution Items", "{C7B370F1-BEF3-4AB7-BA08-CC5D83E74598}"
	ProjectSection(SolutionItems) = preProject
		..\.editorconfig = ..\.editorconfig
		..\.github\workflows\ci-build.yml = ..\.github\workflows\ci-build.yml
		Directory.build.props = Directory.build.props
		Directory.build.targets = Directory.build.targets
		Directory.Packages.props = Directory.Packages.props
		global.json = global.json
		..\README.md = ..\README.md
		..\.github\workflows\release.yml = ..\.github\workflows\release.yml
		stylecop.json = stylecop.json
		..\version.json = ..\version.json
	EndProjectSection
EndProject
Project("{9A19103F-16F7-4668-BE54-9A1E7A4F7556}") = "Splat.Tests", "Splat.Tests\Splat.Tests.csproj", "{6CAD2584-AA69-4A36-8AD4-A90D040003CA}"
EndProject
Project("{9A19103F-16F7-4668-BE54-9A1E7A4F7556}") = "Splat.Autofac", "Splat.Autofac\Splat.Autofac.csproj", "{8447DF8A-882C-4CA8-A7FB-85D66F12D378}"
EndProject
Project("{9A19103F-16F7-4668-BE54-9A1E7A4F7556}") = "Splat.Autofac.Tests", "Splat.Autofac.Tests\Splat.Autofac.Tests.csproj", "{1D8068E4-7F85-4322-BC06-3D901F392CF1}"
EndProject
Project("{9A19103F-16F7-4668-BE54-9A1E7A4F7556}") = "Splat.SimpleInjector", "Splat.SimpleInjector\Splat.SimpleInjector.csproj", "{5A21B576-374D-439E-9303-02A5B0256B26}"
EndProject
Project("{9A19103F-16F7-4668-BE54-9A1E7A4F7556}") = "Splat.SimpleInjector.Tests", "Splat.SimpleInjector.Tests\Splat.SimpleInjector.Tests.csproj", "{E85B3A4E-6ECA-4171-8605-55792187FAB4}"
EndProject
Project("{9A19103F-16F7-4668-BE54-9A1E7A4F7556}") = "Splat.NLog", "Splat.NLog\Splat.NLog.csproj", "{24BCC71A-0998-4B81-9A55-BC00C2A3F8CE}"
EndProject
Project("{9A19103F-16F7-4668-BE54-9A1E7A4F7556}") = "Splat.DryIoc", "Splat.DryIoc\Splat.DryIoc.csproj", "{941DAAE2-EDCA-41A8-93FF-0C4178639A47}"
EndProject
Project("{9A19103F-16F7-4668-BE54-9A1E7A4F7556}") = "Splat.DryIoc.Tests", "Splat.DryIoc.Tests\Splat.DryIoc.Tests.csproj", "{E1777877-6F56-46D0-8747-4BB921ED4C8E}"
EndProject
Project("{9A19103F-16F7-4668-BE54-9A1E7A4F7556}") = "Splat.Log4Net", "Splat.Log4Net\Splat.Log4Net.csproj", "{D65C61D8-C073-4761-9BA3-C595A079C42E}"
EndProject
Project("{9A19103F-16F7-4668-BE54-9A1E7A4F7556}") = "Splat.Serilog", "Splat.Serilog\Splat.Serilog.csproj", "{75538893-9968-45F1-9C05-EDB837FE0CFE}"
EndProject
Project("{9A19103F-16F7-4668-BE54-9A1E7A4F7556}") = "Splat.Microsoft.Extensions.Logging", "Splat.Microsoft.Extensions.Logging\Splat.Microsoft.Extensions.Logging.csproj", "{898C7105-00AF-45EC-948A-D004BCC01EB6}"
EndProject
Project("{2150E333-8FDC-42A3-9474-1A3956D46DE8}") = "src", "src", "{651320D6-1048-4F87-9D8E-75134FAFABDA}"
EndProject
Project("{2150E333-8FDC-42A3-9474-1A3956D46DE8}") = "test", "test", "{3F8EA9C2-D6D1-4B18-8670-DFC24B96972E}"
EndProject
Project("{9A19103F-16F7-4668-BE54-9A1E7A4F7556}") = "Splat.Ninject", "Splat.Ninject\Splat.Ninject.csproj", "{A41B59A6-0A3F-40CB-BE84-DD96798942C1}"
EndProject
Project("{9A19103F-16F7-4668-BE54-9A1E7A4F7556}") = "Splat.Ninject.Tests", "Splat.Ninject.Tests\Splat.Ninject.Tests.csproj", "{104B9795-FFBD-46C2-ACB2-318216EC8EEC}"
EndProject
Project("{9A19103F-16F7-4668-BE54-9A1E7A4F7556}") = "Splat.Common.Test", "Splat.Common.Test\Splat.Common.Test.csproj", "{4B86E6E5-40EA-44F1-BC72-0D6ECCCC8AE7}"
EndProject
Project("{9A19103F-16F7-4668-BE54-9A1E7A4F7556}") = "Splat.ApplicationInsights", "Splat.ApplicationInsights\Splat.ApplicationInsights.csproj", "{2ED64333-8B11-461E-A009-FFFBFE4BD0D9}"
EndProject
Project("{9A19103F-16F7-4668-BE54-9A1E7A4F7556}") = "Splat.Exceptionless", "Splat.Exceptionless\Splat.Exceptionless.csproj", "{33E4D5F9-B95E-4AE6-A874-7F4A40B2005E}"
EndProject
Project("{9A19103F-16F7-4668-BE54-9A1E7A4F7556}") = "Splat.AppCenter", "Splat.AppCenter\Splat.AppCenter.csproj", "{DCA3C3B2-DBD1-4C92-AC3B-4DE6FAD598A3}"
EndProject
Project("{9A19103F-16F7-4668-BE54-9A1E7A4F7556}") = "Splat.Raygun", "Splat.Raygun\Splat.Raygun.csproj", "{A587EF52-4A3F-4375-A335-9ED7C6D410CB}"
EndProject
Project("{9A19103F-16F7-4668-BE54-9A1E7A4F7556}") = "Splat.Microsoft.Extensions.DependencyInjection", "Splat.Microsoft.Extensions.DependencyInjection\Splat.Microsoft.Extensions.DependencyInjection.csproj", "{168CC48D-C28C-48BA-B6F1-234A0C16597E}"
EndProject
Project("{9A19103F-16F7-4668-BE54-9A1E7A4F7556}") = "Splat.Microsoft.Extensions.DependencyInjection.Tests", "Splat.Microsoft.Extensions.DependencyInjection.Tests\Splat.Microsoft.Extensions.DependencyInjection.Tests.csproj", "{85E5821D-CCC3-44DC-96A0-DFC02953943F}"
EndProject
Project("{9A19103F-16F7-4668-BE54-9A1E7A4F7556}") = "Splat.Drawing", "Splat.Drawing\Splat.Drawing.csproj", "{694D2813-14FF-456A-B1E7-C5BB82AEE400}"
EndProject
Project("{9A19103F-16F7-4668-BE54-9A1E7A4F7556}") = "Splat.Prism", "Splat.Prism\Splat.Prism.csproj", "{1D1FE7E6-10FF-4A7F-90D6-6E3696EC7D0D}"
EndProject
Project("{9A19103F-16F7-4668-BE54-9A1E7A4F7556}") = "Splat.Prism.Forms", "Splat.Prism.Forms\Splat.Prism.Forms.csproj", "{39195824-8E56-4240-A5A0-7FA4E12099D4}"
EndProject
Project("{9A19103F-16F7-4668-BE54-9A1E7A4F7556}") = "Splat.Prism.Tests", "Splat.Prism.Tests\Splat.Prism.Tests.csproj", "{905A96B2-03C9-4D08-8E8B-E5B0F7F9F33A}"
EndProject
Project("{9A19103F-16F7-4668-BE54-9A1E7A4F7556}") = "Splat.Drawing.Tests", "Splat.Drawing.Tests\Splat.Drawing.Tests.csproj", "{7E350DE5-B8C4-4EF1-9211-7B35643B1971}"
EndProject
Project("{9A19103F-16F7-4668-BE54-9A1E7A4F7556}") = "ReactiveUI.DI.Tests", "ReactiveUI.DI.Tests\ReactiveUI.DI.Tests.csproj", "{FEA4E637-0409-40BC-8518-860509FEEA64}"
EndProject
Project("{2150E333-8FDC-42A3-9474-1A3956D46DE8}") = "Avalonia", "Avalonia", "{45E17593-668F-4369-B281-801119B81725}"
EndProject
Project("{9A19103F-16F7-4668-BE54-9A1E7A4F7556}") = "Splat.Avalonia.Microsoft.Extensions.DependencyInjection", "Splat.Avalonia.Microsoft.Extensions.DependencyInjection\Splat.Avalonia.Microsoft.Extensions.DependencyInjection.csproj", "{2BB2C493-7E83-451E-BD75-CEA0FCADC39D}"
EndProject
Project("{9A19103F-16F7-4668-BE54-9A1E7A4F7556}") = "Splat.Avalonia.DryIoc", "Splat.Avalonia.DryIoc\Splat.Avalonia.DryIoc.csproj", "{E721320D-D994-4591-B5C4-183B08A1E9C4}"
EndProject
Project("{9A19103F-16F7-4668-BE54-9A1E7A4F7556}") = "Splat.Avalonia.Autofac", "Splat.Avalonia.Autofac\Splat.Avalonia.Autofac.csproj", "{A1341AAE-334B-4F80-90BA-919B04D1397A}"
EndProject
Project("{9A19103F-16F7-4668-BE54-9A1E7A4F7556}") = "Splat.Avalonia.Ninject", "Splat.Avalonia.Ninject\Splat.Avalonia.Ninject.csproj", "{28A6724D-B858-4FBC-936C-8B1EE218CF29}"
EndProject
Project("{9A19103F-16F7-4668-BE54-9A1E7A4F7556}") = "Splat.Avalonia.Tests", "Splat.Avalonia.Tests\Splat.Avalonia.Tests.csproj", "{A0D1D486-D088-48EE-A286-3960B1E147C4}"
EndProject
Project("{9A19103F-16F7-4668-BE54-9A1E7A4F7556}") = "Splat.Avalonia.Microsoft1.Tests", "Splat.Avalonia.Microsoft1.Tests\Splat.Avalonia.Microsoft1.Tests.csproj", "{D42F8B39-B034-4919-AEDB-35E17223B4A0}"
EndProject
Project("{9A19103F-16F7-4668-BE54-9A1E7A4F7556}") = "Splat.Avalonia.Microsoft2.Tests", "Splat.Avalonia.Microsoft2.Tests\Splat.Avalonia.Microsoft2.Tests.csproj", "{F59BA878-C795-4821-AFCD-877DE01B57A3}"
EndProject
Project("{9A19103F-16F7-4668-BE54-9A1E7A4F7556}") = "Splat.Avalonia.DryIoc1.Tests", "Splat.Avalonia.DryIoc1.Tests\Splat.Avalonia.DryIoc1.Tests.csproj", "{9CD61101-82AB-4C3E-B559-7323AFF779B4}"
EndProject
Project("{9A19103F-16F7-4668-BE54-9A1E7A4F7556}") = "Splat.Avalonia.DryIoc2.Tests", "Splat.Avalonia.DryIoc2.Tests\Splat.Avalonia.DryIoc2.Tests.csproj", "{E47B2228-4EA0-47FF-964B-92EA8E1F0E9A}"
EndProject
Global
	GlobalSection(SolutionConfigurationPlatforms) = preSolution
		Debug|Any CPU = Debug|Any CPU
		Debug|ARM = Debug|ARM
		Debug|ARM64 = Debug|ARM64
		Debug|x64 = Debug|x64
		Debug|x86 = Debug|x86
		Release|Any CPU = Release|Any CPU
		Release|ARM = Release|ARM
		Release|ARM64 = Release|ARM64
		Release|x64 = Release|x64
		Release|x86 = Release|x86
	EndGlobalSection
	GlobalSection(ProjectConfigurationPlatforms) = postSolution
		{8535BDE3-25B5-41D6-BF5D-2DF766AE879B}.Debug|Any CPU.ActiveCfg = Debug|Any CPU
		{8535BDE3-25B5-41D6-BF5D-2DF766AE879B}.Debug|Any CPU.Build.0 = Debug|Any CPU
		{8535BDE3-25B5-41D6-BF5D-2DF766AE879B}.Debug|ARM.ActiveCfg = Debug|Any CPU
		{8535BDE3-25B5-41D6-BF5D-2DF766AE879B}.Debug|ARM.Build.0 = Debug|Any CPU
		{8535BDE3-25B5-41D6-BF5D-2DF766AE879B}.Debug|ARM64.ActiveCfg = Debug|Any CPU
		{8535BDE3-25B5-41D6-BF5D-2DF766AE879B}.Debug|ARM64.Build.0 = Debug|Any CPU
		{8535BDE3-25B5-41D6-BF5D-2DF766AE879B}.Debug|x64.ActiveCfg = Debug|Any CPU
		{8535BDE3-25B5-41D6-BF5D-2DF766AE879B}.Debug|x64.Build.0 = Debug|Any CPU
		{8535BDE3-25B5-41D6-BF5D-2DF766AE879B}.Debug|x86.ActiveCfg = Debug|Any CPU
		{8535BDE3-25B5-41D6-BF5D-2DF766AE879B}.Debug|x86.Build.0 = Debug|Any CPU
		{8535BDE3-25B5-41D6-BF5D-2DF766AE879B}.Release|Any CPU.ActiveCfg = Release|Any CPU
		{8535BDE3-25B5-41D6-BF5D-2DF766AE879B}.Release|Any CPU.Build.0 = Release|Any CPU
		{8535BDE3-25B5-41D6-BF5D-2DF766AE879B}.Release|ARM.ActiveCfg = Release|Any CPU
		{8535BDE3-25B5-41D6-BF5D-2DF766AE879B}.Release|ARM.Build.0 = Release|Any CPU
		{8535BDE3-25B5-41D6-BF5D-2DF766AE879B}.Release|ARM64.ActiveCfg = Release|Any CPU
		{8535BDE3-25B5-41D6-BF5D-2DF766AE879B}.Release|ARM64.Build.0 = Release|Any CPU
		{8535BDE3-25B5-41D6-BF5D-2DF766AE879B}.Release|x64.ActiveCfg = Release|Any CPU
		{8535BDE3-25B5-41D6-BF5D-2DF766AE879B}.Release|x64.Build.0 = Release|Any CPU
		{8535BDE3-25B5-41D6-BF5D-2DF766AE879B}.Release|x86.ActiveCfg = Release|Any CPU
		{8535BDE3-25B5-41D6-BF5D-2DF766AE879B}.Release|x86.Build.0 = Release|Any CPU
		{6CAD2584-AA69-4A36-8AD4-A90D040003CA}.Debug|Any CPU.ActiveCfg = Debug|Any CPU
		{6CAD2584-AA69-4A36-8AD4-A90D040003CA}.Debug|Any CPU.Build.0 = Debug|Any CPU
		{6CAD2584-AA69-4A36-8AD4-A90D040003CA}.Debug|ARM.ActiveCfg = Debug|Any CPU
		{6CAD2584-AA69-4A36-8AD4-A90D040003CA}.Debug|ARM.Build.0 = Debug|Any CPU
		{6CAD2584-AA69-4A36-8AD4-A90D040003CA}.Debug|ARM64.ActiveCfg = Debug|Any CPU
		{6CAD2584-AA69-4A36-8AD4-A90D040003CA}.Debug|ARM64.Build.0 = Debug|Any CPU
		{6CAD2584-AA69-4A36-8AD4-A90D040003CA}.Debug|x64.ActiveCfg = Debug|Any CPU
		{6CAD2584-AA69-4A36-8AD4-A90D040003CA}.Debug|x64.Build.0 = Debug|Any CPU
		{6CAD2584-AA69-4A36-8AD4-A90D040003CA}.Debug|x86.ActiveCfg = Debug|Any CPU
		{6CAD2584-AA69-4A36-8AD4-A90D040003CA}.Debug|x86.Build.0 = Debug|Any CPU
		{6CAD2584-AA69-4A36-8AD4-A90D040003CA}.Release|Any CPU.ActiveCfg = Release|Any CPU
		{6CAD2584-AA69-4A36-8AD4-A90D040003CA}.Release|Any CPU.Build.0 = Release|Any CPU
		{6CAD2584-AA69-4A36-8AD4-A90D040003CA}.Release|ARM.ActiveCfg = Release|Any CPU
		{6CAD2584-AA69-4A36-8AD4-A90D040003CA}.Release|ARM.Build.0 = Release|Any CPU
		{6CAD2584-AA69-4A36-8AD4-A90D040003CA}.Release|ARM64.ActiveCfg = Release|Any CPU
		{6CAD2584-AA69-4A36-8AD4-A90D040003CA}.Release|ARM64.Build.0 = Release|Any CPU
		{6CAD2584-AA69-4A36-8AD4-A90D040003CA}.Release|x64.ActiveCfg = Release|Any CPU
		{6CAD2584-AA69-4A36-8AD4-A90D040003CA}.Release|x64.Build.0 = Release|Any CPU
		{6CAD2584-AA69-4A36-8AD4-A90D040003CA}.Release|x86.ActiveCfg = Release|Any CPU
		{6CAD2584-AA69-4A36-8AD4-A90D040003CA}.Release|x86.Build.0 = Release|Any CPU
		{8447DF8A-882C-4CA8-A7FB-85D66F12D378}.Debug|Any CPU.ActiveCfg = Debug|Any CPU
		{8447DF8A-882C-4CA8-A7FB-85D66F12D378}.Debug|Any CPU.Build.0 = Debug|Any CPU
		{8447DF8A-882C-4CA8-A7FB-85D66F12D378}.Debug|ARM.ActiveCfg = Debug|Any CPU
		{8447DF8A-882C-4CA8-A7FB-85D66F12D378}.Debug|ARM.Build.0 = Debug|Any CPU
		{8447DF8A-882C-4CA8-A7FB-85D66F12D378}.Debug|ARM64.ActiveCfg = Debug|Any CPU
		{8447DF8A-882C-4CA8-A7FB-85D66F12D378}.Debug|ARM64.Build.0 = Debug|Any CPU
		{8447DF8A-882C-4CA8-A7FB-85D66F12D378}.Debug|x64.ActiveCfg = Debug|Any CPU
		{8447DF8A-882C-4CA8-A7FB-85D66F12D378}.Debug|x64.Build.0 = Debug|Any CPU
		{8447DF8A-882C-4CA8-A7FB-85D66F12D378}.Debug|x86.ActiveCfg = Debug|Any CPU
		{8447DF8A-882C-4CA8-A7FB-85D66F12D378}.Debug|x86.Build.0 = Debug|Any CPU
		{8447DF8A-882C-4CA8-A7FB-85D66F12D378}.Release|Any CPU.ActiveCfg = Release|Any CPU
		{8447DF8A-882C-4CA8-A7FB-85D66F12D378}.Release|Any CPU.Build.0 = Release|Any CPU
		{8447DF8A-882C-4CA8-A7FB-85D66F12D378}.Release|ARM.ActiveCfg = Release|Any CPU
		{8447DF8A-882C-4CA8-A7FB-85D66F12D378}.Release|ARM.Build.0 = Release|Any CPU
		{8447DF8A-882C-4CA8-A7FB-85D66F12D378}.Release|ARM64.ActiveCfg = Release|Any CPU
		{8447DF8A-882C-4CA8-A7FB-85D66F12D378}.Release|ARM64.Build.0 = Release|Any CPU
		{8447DF8A-882C-4CA8-A7FB-85D66F12D378}.Release|x64.ActiveCfg = Release|Any CPU
		{8447DF8A-882C-4CA8-A7FB-85D66F12D378}.Release|x64.Build.0 = Release|Any CPU
		{8447DF8A-882C-4CA8-A7FB-85D66F12D378}.Release|x86.ActiveCfg = Release|Any CPU
		{8447DF8A-882C-4CA8-A7FB-85D66F12D378}.Release|x86.Build.0 = Release|Any CPU
		{1D8068E4-7F85-4322-BC06-3D901F392CF1}.Debug|Any CPU.ActiveCfg = Debug|Any CPU
		{1D8068E4-7F85-4322-BC06-3D901F392CF1}.Debug|Any CPU.Build.0 = Debug|Any CPU
		{1D8068E4-7F85-4322-BC06-3D901F392CF1}.Debug|ARM.ActiveCfg = Debug|Any CPU
		{1D8068E4-7F85-4322-BC06-3D901F392CF1}.Debug|ARM.Build.0 = Debug|Any CPU
		{1D8068E4-7F85-4322-BC06-3D901F392CF1}.Debug|ARM64.ActiveCfg = Debug|Any CPU
		{1D8068E4-7F85-4322-BC06-3D901F392CF1}.Debug|ARM64.Build.0 = Debug|Any CPU
		{1D8068E4-7F85-4322-BC06-3D901F392CF1}.Debug|x64.ActiveCfg = Debug|Any CPU
		{1D8068E4-7F85-4322-BC06-3D901F392CF1}.Debug|x64.Build.0 = Debug|Any CPU
		{1D8068E4-7F85-4322-BC06-3D901F392CF1}.Debug|x86.ActiveCfg = Debug|Any CPU
		{1D8068E4-7F85-4322-BC06-3D901F392CF1}.Debug|x86.Build.0 = Debug|Any CPU
		{1D8068E4-7F85-4322-BC06-3D901F392CF1}.Release|Any CPU.ActiveCfg = Release|Any CPU
		{1D8068E4-7F85-4322-BC06-3D901F392CF1}.Release|Any CPU.Build.0 = Release|Any CPU
		{1D8068E4-7F85-4322-BC06-3D901F392CF1}.Release|ARM.ActiveCfg = Release|Any CPU
		{1D8068E4-7F85-4322-BC06-3D901F392CF1}.Release|ARM.Build.0 = Release|Any CPU
		{1D8068E4-7F85-4322-BC06-3D901F392CF1}.Release|ARM64.ActiveCfg = Release|Any CPU
		{1D8068E4-7F85-4322-BC06-3D901F392CF1}.Release|ARM64.Build.0 = Release|Any CPU
		{1D8068E4-7F85-4322-BC06-3D901F392CF1}.Release|x64.ActiveCfg = Release|Any CPU
		{1D8068E4-7F85-4322-BC06-3D901F392CF1}.Release|x64.Build.0 = Release|Any CPU
		{1D8068E4-7F85-4322-BC06-3D901F392CF1}.Release|x86.ActiveCfg = Release|Any CPU
		{1D8068E4-7F85-4322-BC06-3D901F392CF1}.Release|x86.Build.0 = Release|Any CPU
		{5A21B576-374D-439E-9303-02A5B0256B26}.Debug|Any CPU.ActiveCfg = Debug|Any CPU
		{5A21B576-374D-439E-9303-02A5B0256B26}.Debug|Any CPU.Build.0 = Debug|Any CPU
		{5A21B576-374D-439E-9303-02A5B0256B26}.Debug|ARM.ActiveCfg = Debug|Any CPU
		{5A21B576-374D-439E-9303-02A5B0256B26}.Debug|ARM.Build.0 = Debug|Any CPU
		{5A21B576-374D-439E-9303-02A5B0256B26}.Debug|ARM64.ActiveCfg = Debug|Any CPU
		{5A21B576-374D-439E-9303-02A5B0256B26}.Debug|ARM64.Build.0 = Debug|Any CPU
		{5A21B576-374D-439E-9303-02A5B0256B26}.Debug|x64.ActiveCfg = Debug|Any CPU
		{5A21B576-374D-439E-9303-02A5B0256B26}.Debug|x64.Build.0 = Debug|Any CPU
		{5A21B576-374D-439E-9303-02A5B0256B26}.Debug|x86.ActiveCfg = Debug|Any CPU
		{5A21B576-374D-439E-9303-02A5B0256B26}.Debug|x86.Build.0 = Debug|Any CPU
		{5A21B576-374D-439E-9303-02A5B0256B26}.Release|Any CPU.ActiveCfg = Release|Any CPU
		{5A21B576-374D-439E-9303-02A5B0256B26}.Release|Any CPU.Build.0 = Release|Any CPU
		{5A21B576-374D-439E-9303-02A5B0256B26}.Release|ARM.ActiveCfg = Release|Any CPU
		{5A21B576-374D-439E-9303-02A5B0256B26}.Release|ARM.Build.0 = Release|Any CPU
		{5A21B576-374D-439E-9303-02A5B0256B26}.Release|ARM64.ActiveCfg = Release|Any CPU
		{5A21B576-374D-439E-9303-02A5B0256B26}.Release|ARM64.Build.0 = Release|Any CPU
		{5A21B576-374D-439E-9303-02A5B0256B26}.Release|x64.ActiveCfg = Release|Any CPU
		{5A21B576-374D-439E-9303-02A5B0256B26}.Release|x64.Build.0 = Release|Any CPU
		{5A21B576-374D-439E-9303-02A5B0256B26}.Release|x86.ActiveCfg = Release|Any CPU
		{5A21B576-374D-439E-9303-02A5B0256B26}.Release|x86.Build.0 = Release|Any CPU
		{E85B3A4E-6ECA-4171-8605-55792187FAB4}.Debug|Any CPU.ActiveCfg = Debug|Any CPU
		{E85B3A4E-6ECA-4171-8605-55792187FAB4}.Debug|Any CPU.Build.0 = Debug|Any CPU
		{E85B3A4E-6ECA-4171-8605-55792187FAB4}.Debug|ARM.ActiveCfg = Debug|Any CPU
		{E85B3A4E-6ECA-4171-8605-55792187FAB4}.Debug|ARM.Build.0 = Debug|Any CPU
		{E85B3A4E-6ECA-4171-8605-55792187FAB4}.Debug|ARM64.ActiveCfg = Debug|Any CPU
		{E85B3A4E-6ECA-4171-8605-55792187FAB4}.Debug|ARM64.Build.0 = Debug|Any CPU
		{E85B3A4E-6ECA-4171-8605-55792187FAB4}.Debug|x64.ActiveCfg = Debug|Any CPU
		{E85B3A4E-6ECA-4171-8605-55792187FAB4}.Debug|x64.Build.0 = Debug|Any CPU
		{E85B3A4E-6ECA-4171-8605-55792187FAB4}.Debug|x86.ActiveCfg = Debug|Any CPU
		{E85B3A4E-6ECA-4171-8605-55792187FAB4}.Debug|x86.Build.0 = Debug|Any CPU
		{E85B3A4E-6ECA-4171-8605-55792187FAB4}.Release|Any CPU.ActiveCfg = Release|Any CPU
		{E85B3A4E-6ECA-4171-8605-55792187FAB4}.Release|Any CPU.Build.0 = Release|Any CPU
		{E85B3A4E-6ECA-4171-8605-55792187FAB4}.Release|ARM.ActiveCfg = Release|Any CPU
		{E85B3A4E-6ECA-4171-8605-55792187FAB4}.Release|ARM.Build.0 = Release|Any CPU
		{E85B3A4E-6ECA-4171-8605-55792187FAB4}.Release|ARM64.ActiveCfg = Release|Any CPU
		{E85B3A4E-6ECA-4171-8605-55792187FAB4}.Release|ARM64.Build.0 = Release|Any CPU
		{E85B3A4E-6ECA-4171-8605-55792187FAB4}.Release|x64.ActiveCfg = Release|Any CPU
		{E85B3A4E-6ECA-4171-8605-55792187FAB4}.Release|x64.Build.0 = Release|Any CPU
		{E85B3A4E-6ECA-4171-8605-55792187FAB4}.Release|x86.ActiveCfg = Release|Any CPU
		{E85B3A4E-6ECA-4171-8605-55792187FAB4}.Release|x86.Build.0 = Release|Any CPU
		{24BCC71A-0998-4B81-9A55-BC00C2A3F8CE}.Debug|Any CPU.ActiveCfg = Debug|Any CPU
		{24BCC71A-0998-4B81-9A55-BC00C2A3F8CE}.Debug|Any CPU.Build.0 = Debug|Any CPU
		{24BCC71A-0998-4B81-9A55-BC00C2A3F8CE}.Debug|ARM.ActiveCfg = Debug|Any CPU
		{24BCC71A-0998-4B81-9A55-BC00C2A3F8CE}.Debug|ARM.Build.0 = Debug|Any CPU
		{24BCC71A-0998-4B81-9A55-BC00C2A3F8CE}.Debug|ARM64.ActiveCfg = Debug|Any CPU
		{24BCC71A-0998-4B81-9A55-BC00C2A3F8CE}.Debug|ARM64.Build.0 = Debug|Any CPU
		{24BCC71A-0998-4B81-9A55-BC00C2A3F8CE}.Debug|x64.ActiveCfg = Debug|Any CPU
		{24BCC71A-0998-4B81-9A55-BC00C2A3F8CE}.Debug|x64.Build.0 = Debug|Any CPU
		{24BCC71A-0998-4B81-9A55-BC00C2A3F8CE}.Debug|x86.ActiveCfg = Debug|Any CPU
		{24BCC71A-0998-4B81-9A55-BC00C2A3F8CE}.Debug|x86.Build.0 = Debug|Any CPU
		{24BCC71A-0998-4B81-9A55-BC00C2A3F8CE}.Release|Any CPU.ActiveCfg = Release|Any CPU
		{24BCC71A-0998-4B81-9A55-BC00C2A3F8CE}.Release|Any CPU.Build.0 = Release|Any CPU
		{24BCC71A-0998-4B81-9A55-BC00C2A3F8CE}.Release|ARM.ActiveCfg = Release|Any CPU
		{24BCC71A-0998-4B81-9A55-BC00C2A3F8CE}.Release|ARM.Build.0 = Release|Any CPU
		{24BCC71A-0998-4B81-9A55-BC00C2A3F8CE}.Release|ARM64.ActiveCfg = Release|Any CPU
		{24BCC71A-0998-4B81-9A55-BC00C2A3F8CE}.Release|ARM64.Build.0 = Release|Any CPU
		{24BCC71A-0998-4B81-9A55-BC00C2A3F8CE}.Release|x64.ActiveCfg = Release|Any CPU
		{24BCC71A-0998-4B81-9A55-BC00C2A3F8CE}.Release|x64.Build.0 = Release|Any CPU
		{24BCC71A-0998-4B81-9A55-BC00C2A3F8CE}.Release|x86.ActiveCfg = Release|Any CPU
		{24BCC71A-0998-4B81-9A55-BC00C2A3F8CE}.Release|x86.Build.0 = Release|Any CPU
		{941DAAE2-EDCA-41A8-93FF-0C4178639A47}.Debug|Any CPU.ActiveCfg = Debug|Any CPU
		{941DAAE2-EDCA-41A8-93FF-0C4178639A47}.Debug|Any CPU.Build.0 = Debug|Any CPU
		{941DAAE2-EDCA-41A8-93FF-0C4178639A47}.Debug|ARM.ActiveCfg = Debug|Any CPU
		{941DAAE2-EDCA-41A8-93FF-0C4178639A47}.Debug|ARM.Build.0 = Debug|Any CPU
		{941DAAE2-EDCA-41A8-93FF-0C4178639A47}.Debug|ARM64.ActiveCfg = Debug|Any CPU
		{941DAAE2-EDCA-41A8-93FF-0C4178639A47}.Debug|ARM64.Build.0 = Debug|Any CPU
		{941DAAE2-EDCA-41A8-93FF-0C4178639A47}.Debug|x64.ActiveCfg = Debug|Any CPU
		{941DAAE2-EDCA-41A8-93FF-0C4178639A47}.Debug|x64.Build.0 = Debug|Any CPU
		{941DAAE2-EDCA-41A8-93FF-0C4178639A47}.Debug|x86.ActiveCfg = Debug|Any CPU
		{941DAAE2-EDCA-41A8-93FF-0C4178639A47}.Debug|x86.Build.0 = Debug|Any CPU
		{941DAAE2-EDCA-41A8-93FF-0C4178639A47}.Release|Any CPU.ActiveCfg = Release|Any CPU
		{941DAAE2-EDCA-41A8-93FF-0C4178639A47}.Release|Any CPU.Build.0 = Release|Any CPU
		{941DAAE2-EDCA-41A8-93FF-0C4178639A47}.Release|ARM.ActiveCfg = Release|Any CPU
		{941DAAE2-EDCA-41A8-93FF-0C4178639A47}.Release|ARM.Build.0 = Release|Any CPU
		{941DAAE2-EDCA-41A8-93FF-0C4178639A47}.Release|ARM64.ActiveCfg = Release|Any CPU
		{941DAAE2-EDCA-41A8-93FF-0C4178639A47}.Release|ARM64.Build.0 = Release|Any CPU
		{941DAAE2-EDCA-41A8-93FF-0C4178639A47}.Release|x64.ActiveCfg = Release|Any CPU
		{941DAAE2-EDCA-41A8-93FF-0C4178639A47}.Release|x64.Build.0 = Release|Any CPU
		{941DAAE2-EDCA-41A8-93FF-0C4178639A47}.Release|x86.ActiveCfg = Release|Any CPU
		{941DAAE2-EDCA-41A8-93FF-0C4178639A47}.Release|x86.Build.0 = Release|Any CPU
		{E1777877-6F56-46D0-8747-4BB921ED4C8E}.Debug|Any CPU.ActiveCfg = Debug|Any CPU
		{E1777877-6F56-46D0-8747-4BB921ED4C8E}.Debug|Any CPU.Build.0 = Debug|Any CPU
		{E1777877-6F56-46D0-8747-4BB921ED4C8E}.Debug|ARM.ActiveCfg = Debug|Any CPU
		{E1777877-6F56-46D0-8747-4BB921ED4C8E}.Debug|ARM.Build.0 = Debug|Any CPU
		{E1777877-6F56-46D0-8747-4BB921ED4C8E}.Debug|ARM64.ActiveCfg = Debug|Any CPU
		{E1777877-6F56-46D0-8747-4BB921ED4C8E}.Debug|ARM64.Build.0 = Debug|Any CPU
		{E1777877-6F56-46D0-8747-4BB921ED4C8E}.Debug|x64.ActiveCfg = Debug|Any CPU
		{E1777877-6F56-46D0-8747-4BB921ED4C8E}.Debug|x64.Build.0 = Debug|Any CPU
		{E1777877-6F56-46D0-8747-4BB921ED4C8E}.Debug|x86.ActiveCfg = Debug|Any CPU
		{E1777877-6F56-46D0-8747-4BB921ED4C8E}.Debug|x86.Build.0 = Debug|Any CPU
		{E1777877-6F56-46D0-8747-4BB921ED4C8E}.Release|Any CPU.ActiveCfg = Release|Any CPU
		{E1777877-6F56-46D0-8747-4BB921ED4C8E}.Release|Any CPU.Build.0 = Release|Any CPU
		{E1777877-6F56-46D0-8747-4BB921ED4C8E}.Release|ARM.ActiveCfg = Release|Any CPU
		{E1777877-6F56-46D0-8747-4BB921ED4C8E}.Release|ARM.Build.0 = Release|Any CPU
		{E1777877-6F56-46D0-8747-4BB921ED4C8E}.Release|ARM64.ActiveCfg = Release|Any CPU
		{E1777877-6F56-46D0-8747-4BB921ED4C8E}.Release|ARM64.Build.0 = Release|Any CPU
		{E1777877-6F56-46D0-8747-4BB921ED4C8E}.Release|x64.ActiveCfg = Release|Any CPU
		{E1777877-6F56-46D0-8747-4BB921ED4C8E}.Release|x64.Build.0 = Release|Any CPU
		{E1777877-6F56-46D0-8747-4BB921ED4C8E}.Release|x86.ActiveCfg = Release|Any CPU
		{E1777877-6F56-46D0-8747-4BB921ED4C8E}.Release|x86.Build.0 = Release|Any CPU
		{D65C61D8-C073-4761-9BA3-C595A079C42E}.Debug|Any CPU.ActiveCfg = Debug|Any CPU
		{D65C61D8-C073-4761-9BA3-C595A079C42E}.Debug|Any CPU.Build.0 = Debug|Any CPU
		{D65C61D8-C073-4761-9BA3-C595A079C42E}.Debug|ARM.ActiveCfg = Debug|Any CPU
		{D65C61D8-C073-4761-9BA3-C595A079C42E}.Debug|ARM.Build.0 = Debug|Any CPU
		{D65C61D8-C073-4761-9BA3-C595A079C42E}.Debug|ARM64.ActiveCfg = Debug|Any CPU
		{D65C61D8-C073-4761-9BA3-C595A079C42E}.Debug|ARM64.Build.0 = Debug|Any CPU
		{D65C61D8-C073-4761-9BA3-C595A079C42E}.Debug|x64.ActiveCfg = Debug|Any CPU
		{D65C61D8-C073-4761-9BA3-C595A079C42E}.Debug|x64.Build.0 = Debug|Any CPU
		{D65C61D8-C073-4761-9BA3-C595A079C42E}.Debug|x86.ActiveCfg = Debug|Any CPU
		{D65C61D8-C073-4761-9BA3-C595A079C42E}.Debug|x86.Build.0 = Debug|Any CPU
		{D65C61D8-C073-4761-9BA3-C595A079C42E}.Release|Any CPU.ActiveCfg = Release|Any CPU
		{D65C61D8-C073-4761-9BA3-C595A079C42E}.Release|Any CPU.Build.0 = Release|Any CPU
		{D65C61D8-C073-4761-9BA3-C595A079C42E}.Release|ARM.ActiveCfg = Release|Any CPU
		{D65C61D8-C073-4761-9BA3-C595A079C42E}.Release|ARM.Build.0 = Release|Any CPU
		{D65C61D8-C073-4761-9BA3-C595A079C42E}.Release|ARM64.ActiveCfg = Release|Any CPU
		{D65C61D8-C073-4761-9BA3-C595A079C42E}.Release|ARM64.Build.0 = Release|Any CPU
		{D65C61D8-C073-4761-9BA3-C595A079C42E}.Release|x64.ActiveCfg = Release|Any CPU
		{D65C61D8-C073-4761-9BA3-C595A079C42E}.Release|x64.Build.0 = Release|Any CPU
		{D65C61D8-C073-4761-9BA3-C595A079C42E}.Release|x86.ActiveCfg = Release|Any CPU
		{D65C61D8-C073-4761-9BA3-C595A079C42E}.Release|x86.Build.0 = Release|Any CPU
		{75538893-9968-45F1-9C05-EDB837FE0CFE}.Debug|Any CPU.ActiveCfg = Debug|Any CPU
		{75538893-9968-45F1-9C05-EDB837FE0CFE}.Debug|Any CPU.Build.0 = Debug|Any CPU
		{75538893-9968-45F1-9C05-EDB837FE0CFE}.Debug|ARM.ActiveCfg = Debug|Any CPU
		{75538893-9968-45F1-9C05-EDB837FE0CFE}.Debug|ARM.Build.0 = Debug|Any CPU
		{75538893-9968-45F1-9C05-EDB837FE0CFE}.Debug|ARM64.ActiveCfg = Debug|Any CPU
		{75538893-9968-45F1-9C05-EDB837FE0CFE}.Debug|ARM64.Build.0 = Debug|Any CPU
		{75538893-9968-45F1-9C05-EDB837FE0CFE}.Debug|x64.ActiveCfg = Debug|Any CPU
		{75538893-9968-45F1-9C05-EDB837FE0CFE}.Debug|x64.Build.0 = Debug|Any CPU
		{75538893-9968-45F1-9C05-EDB837FE0CFE}.Debug|x86.ActiveCfg = Debug|Any CPU
		{75538893-9968-45F1-9C05-EDB837FE0CFE}.Debug|x86.Build.0 = Debug|Any CPU
		{75538893-9968-45F1-9C05-EDB837FE0CFE}.Release|Any CPU.ActiveCfg = Release|Any CPU
		{75538893-9968-45F1-9C05-EDB837FE0CFE}.Release|Any CPU.Build.0 = Release|Any CPU
		{75538893-9968-45F1-9C05-EDB837FE0CFE}.Release|ARM.ActiveCfg = Release|Any CPU
		{75538893-9968-45F1-9C05-EDB837FE0CFE}.Release|ARM.Build.0 = Release|Any CPU
		{75538893-9968-45F1-9C05-EDB837FE0CFE}.Release|ARM64.ActiveCfg = Release|Any CPU
		{75538893-9968-45F1-9C05-EDB837FE0CFE}.Release|ARM64.Build.0 = Release|Any CPU
		{75538893-9968-45F1-9C05-EDB837FE0CFE}.Release|x64.ActiveCfg = Release|Any CPU
		{75538893-9968-45F1-9C05-EDB837FE0CFE}.Release|x64.Build.0 = Release|Any CPU
		{75538893-9968-45F1-9C05-EDB837FE0CFE}.Release|x86.ActiveCfg = Release|Any CPU
		{75538893-9968-45F1-9C05-EDB837FE0CFE}.Release|x86.Build.0 = Release|Any CPU
		{898C7105-00AF-45EC-948A-D004BCC01EB6}.Debug|Any CPU.ActiveCfg = Debug|Any CPU
		{898C7105-00AF-45EC-948A-D004BCC01EB6}.Debug|Any CPU.Build.0 = Debug|Any CPU
		{898C7105-00AF-45EC-948A-D004BCC01EB6}.Debug|ARM.ActiveCfg = Debug|Any CPU
		{898C7105-00AF-45EC-948A-D004BCC01EB6}.Debug|ARM.Build.0 = Debug|Any CPU
		{898C7105-00AF-45EC-948A-D004BCC01EB6}.Debug|ARM64.ActiveCfg = Debug|Any CPU
		{898C7105-00AF-45EC-948A-D004BCC01EB6}.Debug|ARM64.Build.0 = Debug|Any CPU
		{898C7105-00AF-45EC-948A-D004BCC01EB6}.Debug|x64.ActiveCfg = Debug|Any CPU
		{898C7105-00AF-45EC-948A-D004BCC01EB6}.Debug|x64.Build.0 = Debug|Any CPU
		{898C7105-00AF-45EC-948A-D004BCC01EB6}.Debug|x86.ActiveCfg = Debug|Any CPU
		{898C7105-00AF-45EC-948A-D004BCC01EB6}.Debug|x86.Build.0 = Debug|Any CPU
		{898C7105-00AF-45EC-948A-D004BCC01EB6}.Release|Any CPU.ActiveCfg = Release|Any CPU
		{898C7105-00AF-45EC-948A-D004BCC01EB6}.Release|Any CPU.Build.0 = Release|Any CPU
		{898C7105-00AF-45EC-948A-D004BCC01EB6}.Release|ARM.ActiveCfg = Release|Any CPU
		{898C7105-00AF-45EC-948A-D004BCC01EB6}.Release|ARM.Build.0 = Release|Any CPU
		{898C7105-00AF-45EC-948A-D004BCC01EB6}.Release|ARM64.ActiveCfg = Release|Any CPU
		{898C7105-00AF-45EC-948A-D004BCC01EB6}.Release|ARM64.Build.0 = Release|Any CPU
		{898C7105-00AF-45EC-948A-D004BCC01EB6}.Release|x64.ActiveCfg = Release|Any CPU
		{898C7105-00AF-45EC-948A-D004BCC01EB6}.Release|x64.Build.0 = Release|Any CPU
		{898C7105-00AF-45EC-948A-D004BCC01EB6}.Release|x86.ActiveCfg = Release|Any CPU
		{898C7105-00AF-45EC-948A-D004BCC01EB6}.Release|x86.Build.0 = Release|Any CPU
		{A41B59A6-0A3F-40CB-BE84-DD96798942C1}.Debug|Any CPU.ActiveCfg = Debug|Any CPU
		{A41B59A6-0A3F-40CB-BE84-DD96798942C1}.Debug|Any CPU.Build.0 = Debug|Any CPU
		{A41B59A6-0A3F-40CB-BE84-DD96798942C1}.Debug|ARM.ActiveCfg = Debug|Any CPU
		{A41B59A6-0A3F-40CB-BE84-DD96798942C1}.Debug|ARM.Build.0 = Debug|Any CPU
		{A41B59A6-0A3F-40CB-BE84-DD96798942C1}.Debug|ARM64.ActiveCfg = Debug|Any CPU
		{A41B59A6-0A3F-40CB-BE84-DD96798942C1}.Debug|ARM64.Build.0 = Debug|Any CPU
		{A41B59A6-0A3F-40CB-BE84-DD96798942C1}.Debug|x64.ActiveCfg = Debug|Any CPU
		{A41B59A6-0A3F-40CB-BE84-DD96798942C1}.Debug|x64.Build.0 = Debug|Any CPU
		{A41B59A6-0A3F-40CB-BE84-DD96798942C1}.Debug|x86.ActiveCfg = Debug|Any CPU
		{A41B59A6-0A3F-40CB-BE84-DD96798942C1}.Debug|x86.Build.0 = Debug|Any CPU
		{A41B59A6-0A3F-40CB-BE84-DD96798942C1}.Release|Any CPU.ActiveCfg = Release|Any CPU
		{A41B59A6-0A3F-40CB-BE84-DD96798942C1}.Release|Any CPU.Build.0 = Release|Any CPU
		{A41B59A6-0A3F-40CB-BE84-DD96798942C1}.Release|ARM.ActiveCfg = Release|Any CPU
		{A41B59A6-0A3F-40CB-BE84-DD96798942C1}.Release|ARM.Build.0 = Release|Any CPU
		{A41B59A6-0A3F-40CB-BE84-DD96798942C1}.Release|ARM64.ActiveCfg = Release|Any CPU
		{A41B59A6-0A3F-40CB-BE84-DD96798942C1}.Release|ARM64.Build.0 = Release|Any CPU
		{A41B59A6-0A3F-40CB-BE84-DD96798942C1}.Release|x64.ActiveCfg = Release|Any CPU
		{A41B59A6-0A3F-40CB-BE84-DD96798942C1}.Release|x64.Build.0 = Release|Any CPU
		{A41B59A6-0A3F-40CB-BE84-DD96798942C1}.Release|x86.ActiveCfg = Release|Any CPU
		{A41B59A6-0A3F-40CB-BE84-DD96798942C1}.Release|x86.Build.0 = Release|Any CPU
		{104B9795-FFBD-46C2-ACB2-318216EC8EEC}.Debug|Any CPU.ActiveCfg = Debug|Any CPU
		{104B9795-FFBD-46C2-ACB2-318216EC8EEC}.Debug|Any CPU.Build.0 = Debug|Any CPU
		{104B9795-FFBD-46C2-ACB2-318216EC8EEC}.Debug|ARM.ActiveCfg = Debug|Any CPU
		{104B9795-FFBD-46C2-ACB2-318216EC8EEC}.Debug|ARM.Build.0 = Debug|Any CPU
		{104B9795-FFBD-46C2-ACB2-318216EC8EEC}.Debug|ARM64.ActiveCfg = Debug|Any CPU
		{104B9795-FFBD-46C2-ACB2-318216EC8EEC}.Debug|ARM64.Build.0 = Debug|Any CPU
		{104B9795-FFBD-46C2-ACB2-318216EC8EEC}.Debug|x64.ActiveCfg = Debug|Any CPU
		{104B9795-FFBD-46C2-ACB2-318216EC8EEC}.Debug|x64.Build.0 = Debug|Any CPU
		{104B9795-FFBD-46C2-ACB2-318216EC8EEC}.Debug|x86.ActiveCfg = Debug|Any CPU
		{104B9795-FFBD-46C2-ACB2-318216EC8EEC}.Debug|x86.Build.0 = Debug|Any CPU
		{104B9795-FFBD-46C2-ACB2-318216EC8EEC}.Release|Any CPU.ActiveCfg = Release|Any CPU
		{104B9795-FFBD-46C2-ACB2-318216EC8EEC}.Release|Any CPU.Build.0 = Release|Any CPU
		{104B9795-FFBD-46C2-ACB2-318216EC8EEC}.Release|ARM.ActiveCfg = Release|Any CPU
		{104B9795-FFBD-46C2-ACB2-318216EC8EEC}.Release|ARM.Build.0 = Release|Any CPU
		{104B9795-FFBD-46C2-ACB2-318216EC8EEC}.Release|ARM64.ActiveCfg = Release|Any CPU
		{104B9795-FFBD-46C2-ACB2-318216EC8EEC}.Release|ARM64.Build.0 = Release|Any CPU
		{104B9795-FFBD-46C2-ACB2-318216EC8EEC}.Release|x64.ActiveCfg = Release|Any CPU
		{104B9795-FFBD-46C2-ACB2-318216EC8EEC}.Release|x64.Build.0 = Release|Any CPU
		{104B9795-FFBD-46C2-ACB2-318216EC8EEC}.Release|x86.ActiveCfg = Release|Any CPU
		{104B9795-FFBD-46C2-ACB2-318216EC8EEC}.Release|x86.Build.0 = Release|Any CPU
		{4B86E6E5-40EA-44F1-BC72-0D6ECCCC8AE7}.Debug|Any CPU.ActiveCfg = Debug|Any CPU
		{4B86E6E5-40EA-44F1-BC72-0D6ECCCC8AE7}.Debug|Any CPU.Build.0 = Debug|Any CPU
		{4B86E6E5-40EA-44F1-BC72-0D6ECCCC8AE7}.Debug|ARM.ActiveCfg = Debug|Any CPU
		{4B86E6E5-40EA-44F1-BC72-0D6ECCCC8AE7}.Debug|ARM.Build.0 = Debug|Any CPU
		{4B86E6E5-40EA-44F1-BC72-0D6ECCCC8AE7}.Debug|ARM64.ActiveCfg = Debug|Any CPU
		{4B86E6E5-40EA-44F1-BC72-0D6ECCCC8AE7}.Debug|ARM64.Build.0 = Debug|Any CPU
		{4B86E6E5-40EA-44F1-BC72-0D6ECCCC8AE7}.Debug|x64.ActiveCfg = Debug|Any CPU
		{4B86E6E5-40EA-44F1-BC72-0D6ECCCC8AE7}.Debug|x64.Build.0 = Debug|Any CPU
		{4B86E6E5-40EA-44F1-BC72-0D6ECCCC8AE7}.Debug|x86.ActiveCfg = Debug|Any CPU
		{4B86E6E5-40EA-44F1-BC72-0D6ECCCC8AE7}.Debug|x86.Build.0 = Debug|Any CPU
		{4B86E6E5-40EA-44F1-BC72-0D6ECCCC8AE7}.Release|Any CPU.ActiveCfg = Release|Any CPU
		{4B86E6E5-40EA-44F1-BC72-0D6ECCCC8AE7}.Release|Any CPU.Build.0 = Release|Any CPU
		{4B86E6E5-40EA-44F1-BC72-0D6ECCCC8AE7}.Release|ARM.ActiveCfg = Release|Any CPU
		{4B86E6E5-40EA-44F1-BC72-0D6ECCCC8AE7}.Release|ARM.Build.0 = Release|Any CPU
		{4B86E6E5-40EA-44F1-BC72-0D6ECCCC8AE7}.Release|ARM64.ActiveCfg = Release|Any CPU
		{4B86E6E5-40EA-44F1-BC72-0D6ECCCC8AE7}.Release|ARM64.Build.0 = Release|Any CPU
		{4B86E6E5-40EA-44F1-BC72-0D6ECCCC8AE7}.Release|x64.ActiveCfg = Release|Any CPU
		{4B86E6E5-40EA-44F1-BC72-0D6ECCCC8AE7}.Release|x64.Build.0 = Release|Any CPU
		{4B86E6E5-40EA-44F1-BC72-0D6ECCCC8AE7}.Release|x86.ActiveCfg = Release|Any CPU
		{4B86E6E5-40EA-44F1-BC72-0D6ECCCC8AE7}.Release|x86.Build.0 = Release|Any CPU
		{2ED64333-8B11-461E-A009-FFFBFE4BD0D9}.Debug|Any CPU.ActiveCfg = Debug|Any CPU
		{2ED64333-8B11-461E-A009-FFFBFE4BD0D9}.Debug|Any CPU.Build.0 = Debug|Any CPU
		{2ED64333-8B11-461E-A009-FFFBFE4BD0D9}.Debug|ARM.ActiveCfg = Debug|Any CPU
		{2ED64333-8B11-461E-A009-FFFBFE4BD0D9}.Debug|ARM.Build.0 = Debug|Any CPU
		{2ED64333-8B11-461E-A009-FFFBFE4BD0D9}.Debug|ARM64.ActiveCfg = Debug|Any CPU
		{2ED64333-8B11-461E-A009-FFFBFE4BD0D9}.Debug|ARM64.Build.0 = Debug|Any CPU
		{2ED64333-8B11-461E-A009-FFFBFE4BD0D9}.Debug|x64.ActiveCfg = Debug|Any CPU
		{2ED64333-8B11-461E-A009-FFFBFE4BD0D9}.Debug|x64.Build.0 = Debug|Any CPU
		{2ED64333-8B11-461E-A009-FFFBFE4BD0D9}.Debug|x86.ActiveCfg = Debug|Any CPU
		{2ED64333-8B11-461E-A009-FFFBFE4BD0D9}.Debug|x86.Build.0 = Debug|Any CPU
		{2ED64333-8B11-461E-A009-FFFBFE4BD0D9}.Release|Any CPU.ActiveCfg = Release|Any CPU
		{2ED64333-8B11-461E-A009-FFFBFE4BD0D9}.Release|Any CPU.Build.0 = Release|Any CPU
		{2ED64333-8B11-461E-A009-FFFBFE4BD0D9}.Release|ARM.ActiveCfg = Release|Any CPU
		{2ED64333-8B11-461E-A009-FFFBFE4BD0D9}.Release|ARM.Build.0 = Release|Any CPU
		{2ED64333-8B11-461E-A009-FFFBFE4BD0D9}.Release|ARM64.ActiveCfg = Release|Any CPU
		{2ED64333-8B11-461E-A009-FFFBFE4BD0D9}.Release|ARM64.Build.0 = Release|Any CPU
		{2ED64333-8B11-461E-A009-FFFBFE4BD0D9}.Release|x64.ActiveCfg = Release|Any CPU
		{2ED64333-8B11-461E-A009-FFFBFE4BD0D9}.Release|x64.Build.0 = Release|Any CPU
		{2ED64333-8B11-461E-A009-FFFBFE4BD0D9}.Release|x86.ActiveCfg = Release|Any CPU
		{2ED64333-8B11-461E-A009-FFFBFE4BD0D9}.Release|x86.Build.0 = Release|Any CPU
		{33E4D5F9-B95E-4AE6-A874-7F4A40B2005E}.Debug|Any CPU.ActiveCfg = Debug|Any CPU
		{33E4D5F9-B95E-4AE6-A874-7F4A40B2005E}.Debug|Any CPU.Build.0 = Debug|Any CPU
		{33E4D5F9-B95E-4AE6-A874-7F4A40B2005E}.Debug|ARM.ActiveCfg = Debug|Any CPU
		{33E4D5F9-B95E-4AE6-A874-7F4A40B2005E}.Debug|ARM.Build.0 = Debug|Any CPU
		{33E4D5F9-B95E-4AE6-A874-7F4A40B2005E}.Debug|ARM64.ActiveCfg = Debug|Any CPU
		{33E4D5F9-B95E-4AE6-A874-7F4A40B2005E}.Debug|ARM64.Build.0 = Debug|Any CPU
		{33E4D5F9-B95E-4AE6-A874-7F4A40B2005E}.Debug|x64.ActiveCfg = Debug|Any CPU
		{33E4D5F9-B95E-4AE6-A874-7F4A40B2005E}.Debug|x64.Build.0 = Debug|Any CPU
		{33E4D5F9-B95E-4AE6-A874-7F4A40B2005E}.Debug|x86.ActiveCfg = Debug|Any CPU
		{33E4D5F9-B95E-4AE6-A874-7F4A40B2005E}.Debug|x86.Build.0 = Debug|Any CPU
		{33E4D5F9-B95E-4AE6-A874-7F4A40B2005E}.Release|Any CPU.ActiveCfg = Release|Any CPU
		{33E4D5F9-B95E-4AE6-A874-7F4A40B2005E}.Release|Any CPU.Build.0 = Release|Any CPU
		{33E4D5F9-B95E-4AE6-A874-7F4A40B2005E}.Release|ARM.ActiveCfg = Release|Any CPU
		{33E4D5F9-B95E-4AE6-A874-7F4A40B2005E}.Release|ARM.Build.0 = Release|Any CPU
		{33E4D5F9-B95E-4AE6-A874-7F4A40B2005E}.Release|ARM64.ActiveCfg = Release|Any CPU
		{33E4D5F9-B95E-4AE6-A874-7F4A40B2005E}.Release|ARM64.Build.0 = Release|Any CPU
		{33E4D5F9-B95E-4AE6-A874-7F4A40B2005E}.Release|x64.ActiveCfg = Release|Any CPU
		{33E4D5F9-B95E-4AE6-A874-7F4A40B2005E}.Release|x64.Build.0 = Release|Any CPU
		{33E4D5F9-B95E-4AE6-A874-7F4A40B2005E}.Release|x86.ActiveCfg = Release|Any CPU
		{33E4D5F9-B95E-4AE6-A874-7F4A40B2005E}.Release|x86.Build.0 = Release|Any CPU
		{DCA3C3B2-DBD1-4C92-AC3B-4DE6FAD598A3}.Debug|Any CPU.ActiveCfg = Debug|Any CPU
		{DCA3C3B2-DBD1-4C92-AC3B-4DE6FAD598A3}.Debug|Any CPU.Build.0 = Debug|Any CPU
		{DCA3C3B2-DBD1-4C92-AC3B-4DE6FAD598A3}.Debug|ARM.ActiveCfg = Debug|Any CPU
		{DCA3C3B2-DBD1-4C92-AC3B-4DE6FAD598A3}.Debug|ARM.Build.0 = Debug|Any CPU
		{DCA3C3B2-DBD1-4C92-AC3B-4DE6FAD598A3}.Debug|ARM64.ActiveCfg = Debug|Any CPU
		{DCA3C3B2-DBD1-4C92-AC3B-4DE6FAD598A3}.Debug|ARM64.Build.0 = Debug|Any CPU
		{DCA3C3B2-DBD1-4C92-AC3B-4DE6FAD598A3}.Debug|x64.ActiveCfg = Debug|Any CPU
		{DCA3C3B2-DBD1-4C92-AC3B-4DE6FAD598A3}.Debug|x64.Build.0 = Debug|Any CPU
		{DCA3C3B2-DBD1-4C92-AC3B-4DE6FAD598A3}.Debug|x86.ActiveCfg = Debug|Any CPU
		{DCA3C3B2-DBD1-4C92-AC3B-4DE6FAD598A3}.Debug|x86.Build.0 = Debug|Any CPU
		{DCA3C3B2-DBD1-4C92-AC3B-4DE6FAD598A3}.Release|Any CPU.ActiveCfg = Release|Any CPU
		{DCA3C3B2-DBD1-4C92-AC3B-4DE6FAD598A3}.Release|Any CPU.Build.0 = Release|Any CPU
		{DCA3C3B2-DBD1-4C92-AC3B-4DE6FAD598A3}.Release|ARM.ActiveCfg = Release|Any CPU
		{DCA3C3B2-DBD1-4C92-AC3B-4DE6FAD598A3}.Release|ARM.Build.0 = Release|Any CPU
		{DCA3C3B2-DBD1-4C92-AC3B-4DE6FAD598A3}.Release|ARM64.ActiveCfg = Release|Any CPU
		{DCA3C3B2-DBD1-4C92-AC3B-4DE6FAD598A3}.Release|ARM64.Build.0 = Release|Any CPU
		{DCA3C3B2-DBD1-4C92-AC3B-4DE6FAD598A3}.Release|x64.ActiveCfg = Release|Any CPU
		{DCA3C3B2-DBD1-4C92-AC3B-4DE6FAD598A3}.Release|x64.Build.0 = Release|Any CPU
		{DCA3C3B2-DBD1-4C92-AC3B-4DE6FAD598A3}.Release|x86.ActiveCfg = Release|Any CPU
		{DCA3C3B2-DBD1-4C92-AC3B-4DE6FAD598A3}.Release|x86.Build.0 = Release|Any CPU
		{A587EF52-4A3F-4375-A335-9ED7C6D410CB}.Debug|Any CPU.ActiveCfg = Debug|Any CPU
		{A587EF52-4A3F-4375-A335-9ED7C6D410CB}.Debug|Any CPU.Build.0 = Debug|Any CPU
		{A587EF52-4A3F-4375-A335-9ED7C6D410CB}.Debug|ARM.ActiveCfg = Debug|Any CPU
		{A587EF52-4A3F-4375-A335-9ED7C6D410CB}.Debug|ARM.Build.0 = Debug|Any CPU
		{A587EF52-4A3F-4375-A335-9ED7C6D410CB}.Debug|ARM64.ActiveCfg = Debug|Any CPU
		{A587EF52-4A3F-4375-A335-9ED7C6D410CB}.Debug|ARM64.Build.0 = Debug|Any CPU
		{A587EF52-4A3F-4375-A335-9ED7C6D410CB}.Debug|x64.ActiveCfg = Debug|Any CPU
		{A587EF52-4A3F-4375-A335-9ED7C6D410CB}.Debug|x64.Build.0 = Debug|Any CPU
		{A587EF52-4A3F-4375-A335-9ED7C6D410CB}.Debug|x86.ActiveCfg = Debug|Any CPU
		{A587EF52-4A3F-4375-A335-9ED7C6D410CB}.Debug|x86.Build.0 = Debug|Any CPU
		{A587EF52-4A3F-4375-A335-9ED7C6D410CB}.Release|Any CPU.ActiveCfg = Release|Any CPU
		{A587EF52-4A3F-4375-A335-9ED7C6D410CB}.Release|Any CPU.Build.0 = Release|Any CPU
		{A587EF52-4A3F-4375-A335-9ED7C6D410CB}.Release|ARM.ActiveCfg = Release|Any CPU
		{A587EF52-4A3F-4375-A335-9ED7C6D410CB}.Release|ARM.Build.0 = Release|Any CPU
		{A587EF52-4A3F-4375-A335-9ED7C6D410CB}.Release|ARM64.ActiveCfg = Release|Any CPU
		{A587EF52-4A3F-4375-A335-9ED7C6D410CB}.Release|ARM64.Build.0 = Release|Any CPU
		{A587EF52-4A3F-4375-A335-9ED7C6D410CB}.Release|x64.ActiveCfg = Release|Any CPU
		{A587EF52-4A3F-4375-A335-9ED7C6D410CB}.Release|x64.Build.0 = Release|Any CPU
		{A587EF52-4A3F-4375-A335-9ED7C6D410CB}.Release|x86.ActiveCfg = Release|Any CPU
		{A587EF52-4A3F-4375-A335-9ED7C6D410CB}.Release|x86.Build.0 = Release|Any CPU
		{168CC48D-C28C-48BA-B6F1-234A0C16597E}.Debug|Any CPU.ActiveCfg = Debug|Any CPU
		{168CC48D-C28C-48BA-B6F1-234A0C16597E}.Debug|Any CPU.Build.0 = Debug|Any CPU
		{168CC48D-C28C-48BA-B6F1-234A0C16597E}.Debug|ARM.ActiveCfg = Debug|Any CPU
		{168CC48D-C28C-48BA-B6F1-234A0C16597E}.Debug|ARM.Build.0 = Debug|Any CPU
		{168CC48D-C28C-48BA-B6F1-234A0C16597E}.Debug|ARM64.ActiveCfg = Debug|Any CPU
		{168CC48D-C28C-48BA-B6F1-234A0C16597E}.Debug|ARM64.Build.0 = Debug|Any CPU
		{168CC48D-C28C-48BA-B6F1-234A0C16597E}.Debug|x64.ActiveCfg = Debug|Any CPU
		{168CC48D-C28C-48BA-B6F1-234A0C16597E}.Debug|x64.Build.0 = Debug|Any CPU
		{168CC48D-C28C-48BA-B6F1-234A0C16597E}.Debug|x86.ActiveCfg = Debug|Any CPU
		{168CC48D-C28C-48BA-B6F1-234A0C16597E}.Debug|x86.Build.0 = Debug|Any CPU
		{168CC48D-C28C-48BA-B6F1-234A0C16597E}.Release|Any CPU.ActiveCfg = Release|Any CPU
		{168CC48D-C28C-48BA-B6F1-234A0C16597E}.Release|Any CPU.Build.0 = Release|Any CPU
		{168CC48D-C28C-48BA-B6F1-234A0C16597E}.Release|ARM.ActiveCfg = Release|Any CPU
		{168CC48D-C28C-48BA-B6F1-234A0C16597E}.Release|ARM.Build.0 = Release|Any CPU
		{168CC48D-C28C-48BA-B6F1-234A0C16597E}.Release|ARM64.ActiveCfg = Release|Any CPU
		{168CC48D-C28C-48BA-B6F1-234A0C16597E}.Release|ARM64.Build.0 = Release|Any CPU
		{168CC48D-C28C-48BA-B6F1-234A0C16597E}.Release|x64.ActiveCfg = Release|Any CPU
		{168CC48D-C28C-48BA-B6F1-234A0C16597E}.Release|x64.Build.0 = Release|Any CPU
		{168CC48D-C28C-48BA-B6F1-234A0C16597E}.Release|x86.ActiveCfg = Release|Any CPU
		{168CC48D-C28C-48BA-B6F1-234A0C16597E}.Release|x86.Build.0 = Release|Any CPU
		{85E5821D-CCC3-44DC-96A0-DFC02953943F}.Debug|Any CPU.ActiveCfg = Debug|Any CPU
		{85E5821D-CCC3-44DC-96A0-DFC02953943F}.Debug|Any CPU.Build.0 = Debug|Any CPU
		{85E5821D-CCC3-44DC-96A0-DFC02953943F}.Debug|ARM.ActiveCfg = Debug|Any CPU
		{85E5821D-CCC3-44DC-96A0-DFC02953943F}.Debug|ARM.Build.0 = Debug|Any CPU
		{85E5821D-CCC3-44DC-96A0-DFC02953943F}.Debug|ARM64.ActiveCfg = Debug|Any CPU
		{85E5821D-CCC3-44DC-96A0-DFC02953943F}.Debug|ARM64.Build.0 = Debug|Any CPU
		{85E5821D-CCC3-44DC-96A0-DFC02953943F}.Debug|x64.ActiveCfg = Debug|Any CPU
		{85E5821D-CCC3-44DC-96A0-DFC02953943F}.Debug|x64.Build.0 = Debug|Any CPU
		{85E5821D-CCC3-44DC-96A0-DFC02953943F}.Debug|x86.ActiveCfg = Debug|Any CPU
		{85E5821D-CCC3-44DC-96A0-DFC02953943F}.Debug|x86.Build.0 = Debug|Any CPU
		{85E5821D-CCC3-44DC-96A0-DFC02953943F}.Release|Any CPU.ActiveCfg = Release|Any CPU
		{85E5821D-CCC3-44DC-96A0-DFC02953943F}.Release|Any CPU.Build.0 = Release|Any CPU
		{85E5821D-CCC3-44DC-96A0-DFC02953943F}.Release|ARM.ActiveCfg = Release|Any CPU
		{85E5821D-CCC3-44DC-96A0-DFC02953943F}.Release|ARM.Build.0 = Release|Any CPU
		{85E5821D-CCC3-44DC-96A0-DFC02953943F}.Release|ARM64.ActiveCfg = Release|Any CPU
		{85E5821D-CCC3-44DC-96A0-DFC02953943F}.Release|ARM64.Build.0 = Release|Any CPU
		{85E5821D-CCC3-44DC-96A0-DFC02953943F}.Release|x64.ActiveCfg = Release|Any CPU
		{85E5821D-CCC3-44DC-96A0-DFC02953943F}.Release|x64.Build.0 = Release|Any CPU
		{85E5821D-CCC3-44DC-96A0-DFC02953943F}.Release|x86.ActiveCfg = Release|Any CPU
		{85E5821D-CCC3-44DC-96A0-DFC02953943F}.Release|x86.Build.0 = Release|Any CPU
		{694D2813-14FF-456A-B1E7-C5BB82AEE400}.Debug|Any CPU.ActiveCfg = Debug|Any CPU
		{694D2813-14FF-456A-B1E7-C5BB82AEE400}.Debug|Any CPU.Build.0 = Debug|Any CPU
		{694D2813-14FF-456A-B1E7-C5BB82AEE400}.Debug|ARM.ActiveCfg = Debug|Any CPU
		{694D2813-14FF-456A-B1E7-C5BB82AEE400}.Debug|ARM.Build.0 = Debug|Any CPU
		{694D2813-14FF-456A-B1E7-C5BB82AEE400}.Debug|ARM64.ActiveCfg = Debug|Any CPU
		{694D2813-14FF-456A-B1E7-C5BB82AEE400}.Debug|ARM64.Build.0 = Debug|Any CPU
		{694D2813-14FF-456A-B1E7-C5BB82AEE400}.Debug|x64.ActiveCfg = Debug|Any CPU
		{694D2813-14FF-456A-B1E7-C5BB82AEE400}.Debug|x64.Build.0 = Debug|Any CPU
		{694D2813-14FF-456A-B1E7-C5BB82AEE400}.Debug|x86.ActiveCfg = Debug|Any CPU
		{694D2813-14FF-456A-B1E7-C5BB82AEE400}.Debug|x86.Build.0 = Debug|Any CPU
		{694D2813-14FF-456A-B1E7-C5BB82AEE400}.Release|Any CPU.ActiveCfg = Release|Any CPU
		{694D2813-14FF-456A-B1E7-C5BB82AEE400}.Release|Any CPU.Build.0 = Release|Any CPU
		{694D2813-14FF-456A-B1E7-C5BB82AEE400}.Release|ARM.ActiveCfg = Release|Any CPU
		{694D2813-14FF-456A-B1E7-C5BB82AEE400}.Release|ARM.Build.0 = Release|Any CPU
		{694D2813-14FF-456A-B1E7-C5BB82AEE400}.Release|ARM64.ActiveCfg = Release|Any CPU
		{694D2813-14FF-456A-B1E7-C5BB82AEE400}.Release|ARM64.Build.0 = Release|Any CPU
		{694D2813-14FF-456A-B1E7-C5BB82AEE400}.Release|x64.ActiveCfg = Release|Any CPU
		{694D2813-14FF-456A-B1E7-C5BB82AEE400}.Release|x64.Build.0 = Release|Any CPU
		{694D2813-14FF-456A-B1E7-C5BB82AEE400}.Release|x86.ActiveCfg = Release|Any CPU
		{694D2813-14FF-456A-B1E7-C5BB82AEE400}.Release|x86.Build.0 = Release|Any CPU
		{1D1FE7E6-10FF-4A7F-90D6-6E3696EC7D0D}.Debug|Any CPU.ActiveCfg = Debug|Any CPU
		{1D1FE7E6-10FF-4A7F-90D6-6E3696EC7D0D}.Debug|Any CPU.Build.0 = Debug|Any CPU
		{1D1FE7E6-10FF-4A7F-90D6-6E3696EC7D0D}.Debug|ARM.ActiveCfg = Debug|Any CPU
		{1D1FE7E6-10FF-4A7F-90D6-6E3696EC7D0D}.Debug|ARM.Build.0 = Debug|Any CPU
		{1D1FE7E6-10FF-4A7F-90D6-6E3696EC7D0D}.Debug|ARM64.ActiveCfg = Debug|Any CPU
		{1D1FE7E6-10FF-4A7F-90D6-6E3696EC7D0D}.Debug|ARM64.Build.0 = Debug|Any CPU
		{1D1FE7E6-10FF-4A7F-90D6-6E3696EC7D0D}.Debug|x64.ActiveCfg = Debug|Any CPU
		{1D1FE7E6-10FF-4A7F-90D6-6E3696EC7D0D}.Debug|x64.Build.0 = Debug|Any CPU
		{1D1FE7E6-10FF-4A7F-90D6-6E3696EC7D0D}.Debug|x86.ActiveCfg = Debug|Any CPU
		{1D1FE7E6-10FF-4A7F-90D6-6E3696EC7D0D}.Debug|x86.Build.0 = Debug|Any CPU
		{1D1FE7E6-10FF-4A7F-90D6-6E3696EC7D0D}.Release|Any CPU.ActiveCfg = Release|Any CPU
		{1D1FE7E6-10FF-4A7F-90D6-6E3696EC7D0D}.Release|Any CPU.Build.0 = Release|Any CPU
		{1D1FE7E6-10FF-4A7F-90D6-6E3696EC7D0D}.Release|ARM.ActiveCfg = Release|Any CPU
		{1D1FE7E6-10FF-4A7F-90D6-6E3696EC7D0D}.Release|ARM.Build.0 = Release|Any CPU
		{1D1FE7E6-10FF-4A7F-90D6-6E3696EC7D0D}.Release|ARM64.ActiveCfg = Release|Any CPU
		{1D1FE7E6-10FF-4A7F-90D6-6E3696EC7D0D}.Release|ARM64.Build.0 = Release|Any CPU
		{1D1FE7E6-10FF-4A7F-90D6-6E3696EC7D0D}.Release|x64.ActiveCfg = Release|Any CPU
		{1D1FE7E6-10FF-4A7F-90D6-6E3696EC7D0D}.Release|x64.Build.0 = Release|Any CPU
		{1D1FE7E6-10FF-4A7F-90D6-6E3696EC7D0D}.Release|x86.ActiveCfg = Release|Any CPU
		{1D1FE7E6-10FF-4A7F-90D6-6E3696EC7D0D}.Release|x86.Build.0 = Release|Any CPU
		{39195824-8E56-4240-A5A0-7FA4E12099D4}.Debug|Any CPU.ActiveCfg = Debug|Any CPU
		{39195824-8E56-4240-A5A0-7FA4E12099D4}.Debug|Any CPU.Build.0 = Debug|Any CPU
		{39195824-8E56-4240-A5A0-7FA4E12099D4}.Debug|ARM.ActiveCfg = Debug|Any CPU
		{39195824-8E56-4240-A5A0-7FA4E12099D4}.Debug|ARM.Build.0 = Debug|Any CPU
		{39195824-8E56-4240-A5A0-7FA4E12099D4}.Debug|ARM64.ActiveCfg = Debug|Any CPU
		{39195824-8E56-4240-A5A0-7FA4E12099D4}.Debug|ARM64.Build.0 = Debug|Any CPU
		{39195824-8E56-4240-A5A0-7FA4E12099D4}.Debug|x64.ActiveCfg = Debug|Any CPU
		{39195824-8E56-4240-A5A0-7FA4E12099D4}.Debug|x64.Build.0 = Debug|Any CPU
		{39195824-8E56-4240-A5A0-7FA4E12099D4}.Debug|x86.ActiveCfg = Debug|Any CPU
		{39195824-8E56-4240-A5A0-7FA4E12099D4}.Debug|x86.Build.0 = Debug|Any CPU
		{39195824-8E56-4240-A5A0-7FA4E12099D4}.Release|Any CPU.ActiveCfg = Release|Any CPU
		{39195824-8E56-4240-A5A0-7FA4E12099D4}.Release|Any CPU.Build.0 = Release|Any CPU
		{39195824-8E56-4240-A5A0-7FA4E12099D4}.Release|ARM.ActiveCfg = Release|Any CPU
		{39195824-8E56-4240-A5A0-7FA4E12099D4}.Release|ARM.Build.0 = Release|Any CPU
		{39195824-8E56-4240-A5A0-7FA4E12099D4}.Release|ARM64.ActiveCfg = Release|Any CPU
		{39195824-8E56-4240-A5A0-7FA4E12099D4}.Release|ARM64.Build.0 = Release|Any CPU
		{39195824-8E56-4240-A5A0-7FA4E12099D4}.Release|x64.ActiveCfg = Release|Any CPU
		{39195824-8E56-4240-A5A0-7FA4E12099D4}.Release|x64.Build.0 = Release|Any CPU
		{39195824-8E56-4240-A5A0-7FA4E12099D4}.Release|x86.ActiveCfg = Release|Any CPU
		{39195824-8E56-4240-A5A0-7FA4E12099D4}.Release|x86.Build.0 = Release|Any CPU
		{905A96B2-03C9-4D08-8E8B-E5B0F7F9F33A}.Debug|Any CPU.ActiveCfg = Debug|Any CPU
		{905A96B2-03C9-4D08-8E8B-E5B0F7F9F33A}.Debug|Any CPU.Build.0 = Debug|Any CPU
		{905A96B2-03C9-4D08-8E8B-E5B0F7F9F33A}.Debug|ARM.ActiveCfg = Debug|Any CPU
		{905A96B2-03C9-4D08-8E8B-E5B0F7F9F33A}.Debug|ARM.Build.0 = Debug|Any CPU
		{905A96B2-03C9-4D08-8E8B-E5B0F7F9F33A}.Debug|ARM64.ActiveCfg = Debug|Any CPU
		{905A96B2-03C9-4D08-8E8B-E5B0F7F9F33A}.Debug|ARM64.Build.0 = Debug|Any CPU
		{905A96B2-03C9-4D08-8E8B-E5B0F7F9F33A}.Debug|x64.ActiveCfg = Debug|Any CPU
		{905A96B2-03C9-4D08-8E8B-E5B0F7F9F33A}.Debug|x64.Build.0 = Debug|Any CPU
		{905A96B2-03C9-4D08-8E8B-E5B0F7F9F33A}.Debug|x86.ActiveCfg = Debug|Any CPU
		{905A96B2-03C9-4D08-8E8B-E5B0F7F9F33A}.Debug|x86.Build.0 = Debug|Any CPU
		{905A96B2-03C9-4D08-8E8B-E5B0F7F9F33A}.Release|Any CPU.ActiveCfg = Release|Any CPU
		{905A96B2-03C9-4D08-8E8B-E5B0F7F9F33A}.Release|Any CPU.Build.0 = Release|Any CPU
		{905A96B2-03C9-4D08-8E8B-E5B0F7F9F33A}.Release|ARM.ActiveCfg = Release|Any CPU
		{905A96B2-03C9-4D08-8E8B-E5B0F7F9F33A}.Release|ARM.Build.0 = Release|Any CPU
		{905A96B2-03C9-4D08-8E8B-E5B0F7F9F33A}.Release|ARM64.ActiveCfg = Release|Any CPU
		{905A96B2-03C9-4D08-8E8B-E5B0F7F9F33A}.Release|ARM64.Build.0 = Release|Any CPU
		{905A96B2-03C9-4D08-8E8B-E5B0F7F9F33A}.Release|x64.ActiveCfg = Release|Any CPU
		{905A96B2-03C9-4D08-8E8B-E5B0F7F9F33A}.Release|x64.Build.0 = Release|Any CPU
		{905A96B2-03C9-4D08-8E8B-E5B0F7F9F33A}.Release|x86.ActiveCfg = Release|Any CPU
		{905A96B2-03C9-4D08-8E8B-E5B0F7F9F33A}.Release|x86.Build.0 = Release|Any CPU
		{7E350DE5-B8C4-4EF1-9211-7B35643B1971}.Debug|Any CPU.ActiveCfg = Debug|Any CPU
		{7E350DE5-B8C4-4EF1-9211-7B35643B1971}.Debug|Any CPU.Build.0 = Debug|Any CPU
		{7E350DE5-B8C4-4EF1-9211-7B35643B1971}.Debug|ARM.ActiveCfg = Debug|Any CPU
		{7E350DE5-B8C4-4EF1-9211-7B35643B1971}.Debug|ARM.Build.0 = Debug|Any CPU
		{7E350DE5-B8C4-4EF1-9211-7B35643B1971}.Debug|ARM64.ActiveCfg = Debug|Any CPU
		{7E350DE5-B8C4-4EF1-9211-7B35643B1971}.Debug|ARM64.Build.0 = Debug|Any CPU
		{7E350DE5-B8C4-4EF1-9211-7B35643B1971}.Debug|x64.ActiveCfg = Debug|Any CPU
		{7E350DE5-B8C4-4EF1-9211-7B35643B1971}.Debug|x64.Build.0 = Debug|Any CPU
		{7E350DE5-B8C4-4EF1-9211-7B35643B1971}.Debug|x86.ActiveCfg = Debug|Any CPU
		{7E350DE5-B8C4-4EF1-9211-7B35643B1971}.Debug|x86.Build.0 = Debug|Any CPU
		{7E350DE5-B8C4-4EF1-9211-7B35643B1971}.Release|Any CPU.ActiveCfg = Release|Any CPU
		{7E350DE5-B8C4-4EF1-9211-7B35643B1971}.Release|Any CPU.Build.0 = Release|Any CPU
		{7E350DE5-B8C4-4EF1-9211-7B35643B1971}.Release|ARM.ActiveCfg = Release|Any CPU
		{7E350DE5-B8C4-4EF1-9211-7B35643B1971}.Release|ARM.Build.0 = Release|Any CPU
		{7E350DE5-B8C4-4EF1-9211-7B35643B1971}.Release|ARM64.ActiveCfg = Release|Any CPU
		{7E350DE5-B8C4-4EF1-9211-7B35643B1971}.Release|ARM64.Build.0 = Release|Any CPU
		{7E350DE5-B8C4-4EF1-9211-7B35643B1971}.Release|x64.ActiveCfg = Release|Any CPU
		{7E350DE5-B8C4-4EF1-9211-7B35643B1971}.Release|x64.Build.0 = Release|Any CPU
		{7E350DE5-B8C4-4EF1-9211-7B35643B1971}.Release|x86.ActiveCfg = Release|Any CPU
		{7E350DE5-B8C4-4EF1-9211-7B35643B1971}.Release|x86.Build.0 = Release|Any CPU
		{FEA4E637-0409-40BC-8518-860509FEEA64}.Debug|Any CPU.ActiveCfg = Debug|Any CPU
		{FEA4E637-0409-40BC-8518-860509FEEA64}.Debug|Any CPU.Build.0 = Debug|Any CPU
		{FEA4E637-0409-40BC-8518-860509FEEA64}.Debug|ARM.ActiveCfg = Debug|Any CPU
		{FEA4E637-0409-40BC-8518-860509FEEA64}.Debug|ARM.Build.0 = Debug|Any CPU
		{FEA4E637-0409-40BC-8518-860509FEEA64}.Debug|ARM64.ActiveCfg = Debug|Any CPU
		{FEA4E637-0409-40BC-8518-860509FEEA64}.Debug|ARM64.Build.0 = Debug|Any CPU
		{FEA4E637-0409-40BC-8518-860509FEEA64}.Debug|x64.ActiveCfg = Debug|Any CPU
		{FEA4E637-0409-40BC-8518-860509FEEA64}.Debug|x64.Build.0 = Debug|Any CPU
		{FEA4E637-0409-40BC-8518-860509FEEA64}.Debug|x86.ActiveCfg = Debug|Any CPU
		{FEA4E637-0409-40BC-8518-860509FEEA64}.Debug|x86.Build.0 = Debug|Any CPU
		{FEA4E637-0409-40BC-8518-860509FEEA64}.Release|Any CPU.ActiveCfg = Release|Any CPU
		{FEA4E637-0409-40BC-8518-860509FEEA64}.Release|Any CPU.Build.0 = Release|Any CPU
		{FEA4E637-0409-40BC-8518-860509FEEA64}.Release|ARM.ActiveCfg = Release|Any CPU
		{FEA4E637-0409-40BC-8518-860509FEEA64}.Release|ARM.Build.0 = Release|Any CPU
		{FEA4E637-0409-40BC-8518-860509FEEA64}.Release|ARM64.ActiveCfg = Release|Any CPU
		{FEA4E637-0409-40BC-8518-860509FEEA64}.Release|ARM64.Build.0 = Release|Any CPU
		{FEA4E637-0409-40BC-8518-860509FEEA64}.Release|x64.ActiveCfg = Release|Any CPU
		{FEA4E637-0409-40BC-8518-860509FEEA64}.Release|x64.Build.0 = Release|Any CPU
		{FEA4E637-0409-40BC-8518-860509FEEA64}.Release|x86.ActiveCfg = Release|Any CPU
		{FEA4E637-0409-40BC-8518-860509FEEA64}.Release|x86.Build.0 = Release|Any CPU
		{2BB2C493-7E83-451E-BD75-CEA0FCADC39D}.Debug|Any CPU.ActiveCfg = Debug|Any CPU
		{2BB2C493-7E83-451E-BD75-CEA0FCADC39D}.Debug|Any CPU.Build.0 = Debug|Any CPU
		{2BB2C493-7E83-451E-BD75-CEA0FCADC39D}.Debug|ARM.ActiveCfg = Debug|Any CPU
		{2BB2C493-7E83-451E-BD75-CEA0FCADC39D}.Debug|ARM.Build.0 = Debug|Any CPU
		{2BB2C493-7E83-451E-BD75-CEA0FCADC39D}.Debug|ARM64.ActiveCfg = Debug|Any CPU
		{2BB2C493-7E83-451E-BD75-CEA0FCADC39D}.Debug|ARM64.Build.0 = Debug|Any CPU
		{2BB2C493-7E83-451E-BD75-CEA0FCADC39D}.Debug|x64.ActiveCfg = Debug|Any CPU
		{2BB2C493-7E83-451E-BD75-CEA0FCADC39D}.Debug|x64.Build.0 = Debug|Any CPU
		{2BB2C493-7E83-451E-BD75-CEA0FCADC39D}.Debug|x86.ActiveCfg = Debug|Any CPU
		{2BB2C493-7E83-451E-BD75-CEA0FCADC39D}.Debug|x86.Build.0 = Debug|Any CPU
		{2BB2C493-7E83-451E-BD75-CEA0FCADC39D}.Release|Any CPU.ActiveCfg = Release|Any CPU
		{2BB2C493-7E83-451E-BD75-CEA0FCADC39D}.Release|Any CPU.Build.0 = Release|Any CPU
		{2BB2C493-7E83-451E-BD75-CEA0FCADC39D}.Release|ARM.ActiveCfg = Release|Any CPU
		{2BB2C493-7E83-451E-BD75-CEA0FCADC39D}.Release|ARM.Build.0 = Release|Any CPU
		{2BB2C493-7E83-451E-BD75-CEA0FCADC39D}.Release|ARM64.ActiveCfg = Release|Any CPU
		{2BB2C493-7E83-451E-BD75-CEA0FCADC39D}.Release|ARM64.Build.0 = Release|Any CPU
		{2BB2C493-7E83-451E-BD75-CEA0FCADC39D}.Release|x64.ActiveCfg = Release|Any CPU
		{2BB2C493-7E83-451E-BD75-CEA0FCADC39D}.Release|x64.Build.0 = Release|Any CPU
		{2BB2C493-7E83-451E-BD75-CEA0FCADC39D}.Release|x86.ActiveCfg = Release|Any CPU
		{2BB2C493-7E83-451E-BD75-CEA0FCADC39D}.Release|x86.Build.0 = Release|Any CPU
		{E721320D-D994-4591-B5C4-183B08A1E9C4}.Debug|Any CPU.ActiveCfg = Debug|Any CPU
		{E721320D-D994-4591-B5C4-183B08A1E9C4}.Debug|Any CPU.Build.0 = Debug|Any CPU
		{E721320D-D994-4591-B5C4-183B08A1E9C4}.Debug|ARM.ActiveCfg = Debug|Any CPU
		{E721320D-D994-4591-B5C4-183B08A1E9C4}.Debug|ARM.Build.0 = Debug|Any CPU
		{E721320D-D994-4591-B5C4-183B08A1E9C4}.Debug|ARM64.ActiveCfg = Debug|Any CPU
		{E721320D-D994-4591-B5C4-183B08A1E9C4}.Debug|ARM64.Build.0 = Debug|Any CPU
		{E721320D-D994-4591-B5C4-183B08A1E9C4}.Debug|x64.ActiveCfg = Debug|Any CPU
		{E721320D-D994-4591-B5C4-183B08A1E9C4}.Debug|x64.Build.0 = Debug|Any CPU
		{E721320D-D994-4591-B5C4-183B08A1E9C4}.Debug|x86.ActiveCfg = Debug|Any CPU
		{E721320D-D994-4591-B5C4-183B08A1E9C4}.Debug|x86.Build.0 = Debug|Any CPU
		{E721320D-D994-4591-B5C4-183B08A1E9C4}.Release|Any CPU.ActiveCfg = Release|Any CPU
		{E721320D-D994-4591-B5C4-183B08A1E9C4}.Release|Any CPU.Build.0 = Release|Any CPU
		{E721320D-D994-4591-B5C4-183B08A1E9C4}.Release|ARM.ActiveCfg = Release|Any CPU
		{E721320D-D994-4591-B5C4-183B08A1E9C4}.Release|ARM.Build.0 = Release|Any CPU
		{E721320D-D994-4591-B5C4-183B08A1E9C4}.Release|ARM64.ActiveCfg = Release|Any CPU
		{E721320D-D994-4591-B5C4-183B08A1E9C4}.Release|ARM64.Build.0 = Release|Any CPU
		{E721320D-D994-4591-B5C4-183B08A1E9C4}.Release|x64.ActiveCfg = Release|Any CPU
		{E721320D-D994-4591-B5C4-183B08A1E9C4}.Release|x64.Build.0 = Release|Any CPU
		{E721320D-D994-4591-B5C4-183B08A1E9C4}.Release|x86.ActiveCfg = Release|Any CPU
		{E721320D-D994-4591-B5C4-183B08A1E9C4}.Release|x86.Build.0 = Release|Any CPU
		{A1341AAE-334B-4F80-90BA-919B04D1397A}.Debug|Any CPU.ActiveCfg = Debug|Any CPU
		{A1341AAE-334B-4F80-90BA-919B04D1397A}.Debug|Any CPU.Build.0 = Debug|Any CPU
		{A1341AAE-334B-4F80-90BA-919B04D1397A}.Debug|ARM.ActiveCfg = Debug|Any CPU
		{A1341AAE-334B-4F80-90BA-919B04D1397A}.Debug|ARM.Build.0 = Debug|Any CPU
		{A1341AAE-334B-4F80-90BA-919B04D1397A}.Debug|ARM64.ActiveCfg = Debug|Any CPU
		{A1341AAE-334B-4F80-90BA-919B04D1397A}.Debug|ARM64.Build.0 = Debug|Any CPU
		{A1341AAE-334B-4F80-90BA-919B04D1397A}.Debug|x64.ActiveCfg = Debug|Any CPU
		{A1341AAE-334B-4F80-90BA-919B04D1397A}.Debug|x64.Build.0 = Debug|Any CPU
		{A1341AAE-334B-4F80-90BA-919B04D1397A}.Debug|x86.ActiveCfg = Debug|Any CPU
		{A1341AAE-334B-4F80-90BA-919B04D1397A}.Debug|x86.Build.0 = Debug|Any CPU
		{A1341AAE-334B-4F80-90BA-919B04D1397A}.Release|Any CPU.ActiveCfg = Release|Any CPU
		{A1341AAE-334B-4F80-90BA-919B04D1397A}.Release|Any CPU.Build.0 = Release|Any CPU
		{A1341AAE-334B-4F80-90BA-919B04D1397A}.Release|ARM.ActiveCfg = Release|Any CPU
		{A1341AAE-334B-4F80-90BA-919B04D1397A}.Release|ARM.Build.0 = Release|Any CPU
		{A1341AAE-334B-4F80-90BA-919B04D1397A}.Release|ARM64.ActiveCfg = Release|Any CPU
		{A1341AAE-334B-4F80-90BA-919B04D1397A}.Release|ARM64.Build.0 = Release|Any CPU
		{A1341AAE-334B-4F80-90BA-919B04D1397A}.Release|x64.ActiveCfg = Release|Any CPU
		{A1341AAE-334B-4F80-90BA-919B04D1397A}.Release|x64.Build.0 = Release|Any CPU
		{A1341AAE-334B-4F80-90BA-919B04D1397A}.Release|x86.ActiveCfg = Release|Any CPU
		{A1341AAE-334B-4F80-90BA-919B04D1397A}.Release|x86.Build.0 = Release|Any CPU
		{28A6724D-B858-4FBC-936C-8B1EE218CF29}.Debug|Any CPU.ActiveCfg = Debug|Any CPU
		{28A6724D-B858-4FBC-936C-8B1EE218CF29}.Debug|Any CPU.Build.0 = Debug|Any CPU
		{28A6724D-B858-4FBC-936C-8B1EE218CF29}.Debug|ARM.ActiveCfg = Debug|Any CPU
		{28A6724D-B858-4FBC-936C-8B1EE218CF29}.Debug|ARM.Build.0 = Debug|Any CPU
		{28A6724D-B858-4FBC-936C-8B1EE218CF29}.Debug|ARM64.ActiveCfg = Debug|Any CPU
		{28A6724D-B858-4FBC-936C-8B1EE218CF29}.Debug|ARM64.Build.0 = Debug|Any CPU
		{28A6724D-B858-4FBC-936C-8B1EE218CF29}.Debug|x64.ActiveCfg = Debug|Any CPU
		{28A6724D-B858-4FBC-936C-8B1EE218CF29}.Debug|x64.Build.0 = Debug|Any CPU
		{28A6724D-B858-4FBC-936C-8B1EE218CF29}.Debug|x86.ActiveCfg = Debug|Any CPU
		{28A6724D-B858-4FBC-936C-8B1EE218CF29}.Debug|x86.Build.0 = Debug|Any CPU
		{28A6724D-B858-4FBC-936C-8B1EE218CF29}.Release|Any CPU.ActiveCfg = Release|Any CPU
		{28A6724D-B858-4FBC-936C-8B1EE218CF29}.Release|Any CPU.Build.0 = Release|Any CPU
		{28A6724D-B858-4FBC-936C-8B1EE218CF29}.Release|ARM.ActiveCfg = Release|Any CPU
		{28A6724D-B858-4FBC-936C-8B1EE218CF29}.Release|ARM.Build.0 = Release|Any CPU
		{28A6724D-B858-4FBC-936C-8B1EE218CF29}.Release|ARM64.ActiveCfg = Release|Any CPU
		{28A6724D-B858-4FBC-936C-8B1EE218CF29}.Release|ARM64.Build.0 = Release|Any CPU
		{28A6724D-B858-4FBC-936C-8B1EE218CF29}.Release|x64.ActiveCfg = Release|Any CPU
		{28A6724D-B858-4FBC-936C-8B1EE218CF29}.Release|x64.Build.0 = Release|Any CPU
		{28A6724D-B858-4FBC-936C-8B1EE218CF29}.Release|x86.ActiveCfg = Release|Any CPU
		{28A6724D-B858-4FBC-936C-8B1EE218CF29}.Release|x86.Build.0 = Release|Any CPU
		{A0D1D486-D088-48EE-A286-3960B1E147C4}.Debug|Any CPU.ActiveCfg = Debug|Any CPU
		{A0D1D486-D088-48EE-A286-3960B1E147C4}.Debug|Any CPU.Build.0 = Debug|Any CPU
		{A0D1D486-D088-48EE-A286-3960B1E147C4}.Debug|ARM.ActiveCfg = Debug|Any CPU
		{A0D1D486-D088-48EE-A286-3960B1E147C4}.Debug|ARM.Build.0 = Debug|Any CPU
		{A0D1D486-D088-48EE-A286-3960B1E147C4}.Debug|ARM64.ActiveCfg = Debug|Any CPU
		{A0D1D486-D088-48EE-A286-3960B1E147C4}.Debug|ARM64.Build.0 = Debug|Any CPU
		{A0D1D486-D088-48EE-A286-3960B1E147C4}.Debug|x64.ActiveCfg = Debug|Any CPU
		{A0D1D486-D088-48EE-A286-3960B1E147C4}.Debug|x64.Build.0 = Debug|Any CPU
		{A0D1D486-D088-48EE-A286-3960B1E147C4}.Debug|x86.ActiveCfg = Debug|Any CPU
		{A0D1D486-D088-48EE-A286-3960B1E147C4}.Debug|x86.Build.0 = Debug|Any CPU
		{A0D1D486-D088-48EE-A286-3960B1E147C4}.Release|Any CPU.ActiveCfg = Release|Any CPU
		{A0D1D486-D088-48EE-A286-3960B1E147C4}.Release|Any CPU.Build.0 = Release|Any CPU
		{A0D1D486-D088-48EE-A286-3960B1E147C4}.Release|ARM.ActiveCfg = Release|Any CPU
		{A0D1D486-D088-48EE-A286-3960B1E147C4}.Release|ARM.Build.0 = Release|Any CPU
		{A0D1D486-D088-48EE-A286-3960B1E147C4}.Release|ARM64.ActiveCfg = Release|Any CPU
		{A0D1D486-D088-48EE-A286-3960B1E147C4}.Release|ARM64.Build.0 = Release|Any CPU
		{A0D1D486-D088-48EE-A286-3960B1E147C4}.Release|x64.ActiveCfg = Release|Any CPU
		{A0D1D486-D088-48EE-A286-3960B1E147C4}.Release|x64.Build.0 = Release|Any CPU
		{A0D1D486-D088-48EE-A286-3960B1E147C4}.Release|x86.ActiveCfg = Release|Any CPU
		{A0D1D486-D088-48EE-A286-3960B1E147C4}.Release|x86.Build.0 = Release|Any CPU
		{D42F8B39-B034-4919-AEDB-35E17223B4A0}.Debug|Any CPU.ActiveCfg = Debug|Any CPU
		{D42F8B39-B034-4919-AEDB-35E17223B4A0}.Debug|Any CPU.Build.0 = Debug|Any CPU
		{D42F8B39-B034-4919-AEDB-35E17223B4A0}.Debug|ARM.ActiveCfg = Debug|Any CPU
		{D42F8B39-B034-4919-AEDB-35E17223B4A0}.Debug|ARM.Build.0 = Debug|Any CPU
		{D42F8B39-B034-4919-AEDB-35E17223B4A0}.Debug|ARM64.ActiveCfg = Debug|Any CPU
		{D42F8B39-B034-4919-AEDB-35E17223B4A0}.Debug|ARM64.Build.0 = Debug|Any CPU
		{D42F8B39-B034-4919-AEDB-35E17223B4A0}.Debug|x64.ActiveCfg = Debug|Any CPU
		{D42F8B39-B034-4919-AEDB-35E17223B4A0}.Debug|x64.Build.0 = Debug|Any CPU
		{D42F8B39-B034-4919-AEDB-35E17223B4A0}.Debug|x86.ActiveCfg = Debug|Any CPU
		{D42F8B39-B034-4919-AEDB-35E17223B4A0}.Debug|x86.Build.0 = Debug|Any CPU
		{D42F8B39-B034-4919-AEDB-35E17223B4A0}.Release|Any CPU.ActiveCfg = Release|Any CPU
		{D42F8B39-B034-4919-AEDB-35E17223B4A0}.Release|Any CPU.Build.0 = Release|Any CPU
		{D42F8B39-B034-4919-AEDB-35E17223B4A0}.Release|ARM.ActiveCfg = Release|Any CPU
		{D42F8B39-B034-4919-AEDB-35E17223B4A0}.Release|ARM.Build.0 = Release|Any CPU
		{D42F8B39-B034-4919-AEDB-35E17223B4A0}.Release|ARM64.ActiveCfg = Release|Any CPU
		{D42F8B39-B034-4919-AEDB-35E17223B4A0}.Release|ARM64.Build.0 = Release|Any CPU
		{D42F8B39-B034-4919-AEDB-35E17223B4A0}.Release|x64.ActiveCfg = Release|Any CPU
		{D42F8B39-B034-4919-AEDB-35E17223B4A0}.Release|x64.Build.0 = Release|Any CPU
		{D42F8B39-B034-4919-AEDB-35E17223B4A0}.Release|x86.ActiveCfg = Release|Any CPU
		{D42F8B39-B034-4919-AEDB-35E17223B4A0}.Release|x86.Build.0 = Release|Any CPU
		{F59BA878-C795-4821-AFCD-877DE01B57A3}.Debug|Any CPU.ActiveCfg = Debug|Any CPU
		{F59BA878-C795-4821-AFCD-877DE01B57A3}.Debug|Any CPU.Build.0 = Debug|Any CPU
		{F59BA878-C795-4821-AFCD-877DE01B57A3}.Debug|ARM.ActiveCfg = Debug|Any CPU
		{F59BA878-C795-4821-AFCD-877DE01B57A3}.Debug|ARM.Build.0 = Debug|Any CPU
		{F59BA878-C795-4821-AFCD-877DE01B57A3}.Debug|ARM64.ActiveCfg = Debug|Any CPU
		{F59BA878-C795-4821-AFCD-877DE01B57A3}.Debug|ARM64.Build.0 = Debug|Any CPU
		{F59BA878-C795-4821-AFCD-877DE01B57A3}.Debug|x64.ActiveCfg = Debug|Any CPU
		{F59BA878-C795-4821-AFCD-877DE01B57A3}.Debug|x64.Build.0 = Debug|Any CPU
		{F59BA878-C795-4821-AFCD-877DE01B57A3}.Debug|x86.ActiveCfg = Debug|Any CPU
		{F59BA878-C795-4821-AFCD-877DE01B57A3}.Debug|x86.Build.0 = Debug|Any CPU
		{F59BA878-C795-4821-AFCD-877DE01B57A3}.Release|Any CPU.ActiveCfg = Release|Any CPU
		{F59BA878-C795-4821-AFCD-877DE01B57A3}.Release|Any CPU.Build.0 = Release|Any CPU
		{F59BA878-C795-4821-AFCD-877DE01B57A3}.Release|ARM.ActiveCfg = Release|Any CPU
		{F59BA878-C795-4821-AFCD-877DE01B57A3}.Release|ARM.Build.0 = Release|Any CPU
		{F59BA878-C795-4821-AFCD-877DE01B57A3}.Release|ARM64.ActiveCfg = Release|Any CPU
		{F59BA878-C795-4821-AFCD-877DE01B57A3}.Release|ARM64.Build.0 = Release|Any CPU
		{F59BA878-C795-4821-AFCD-877DE01B57A3}.Release|x64.ActiveCfg = Release|Any CPU
		{F59BA878-C795-4821-AFCD-877DE01B57A3}.Release|x64.Build.0 = Release|Any CPU
		{F59BA878-C795-4821-AFCD-877DE01B57A3}.Release|x86.ActiveCfg = Release|Any CPU
		{F59BA878-C795-4821-AFCD-877DE01B57A3}.Release|x86.Build.0 = Release|Any CPU
		{9CD61101-82AB-4C3E-B559-7323AFF779B4}.Debug|Any CPU.ActiveCfg = Debug|Any CPU
		{9CD61101-82AB-4C3E-B559-7323AFF779B4}.Debug|Any CPU.Build.0 = Debug|Any CPU
		{9CD61101-82AB-4C3E-B559-7323AFF779B4}.Debug|ARM.ActiveCfg = Debug|Any CPU
		{9CD61101-82AB-4C3E-B559-7323AFF779B4}.Debug|ARM.Build.0 = Debug|Any CPU
		{9CD61101-82AB-4C3E-B559-7323AFF779B4}.Debug|ARM64.ActiveCfg = Debug|Any CPU
		{9CD61101-82AB-4C3E-B559-7323AFF779B4}.Debug|ARM64.Build.0 = Debug|Any CPU
		{9CD61101-82AB-4C3E-B559-7323AFF779B4}.Debug|x64.ActiveCfg = Debug|Any CPU
		{9CD61101-82AB-4C3E-B559-7323AFF779B4}.Debug|x64.Build.0 = Debug|Any CPU
		{9CD61101-82AB-4C3E-B559-7323AFF779B4}.Debug|x86.ActiveCfg = Debug|Any CPU
		{9CD61101-82AB-4C3E-B559-7323AFF779B4}.Debug|x86.Build.0 = Debug|Any CPU
		{9CD61101-82AB-4C3E-B559-7323AFF779B4}.Release|Any CPU.ActiveCfg = Release|Any CPU
		{9CD61101-82AB-4C3E-B559-7323AFF779B4}.Release|Any CPU.Build.0 = Release|Any CPU
		{9CD61101-82AB-4C3E-B559-7323AFF779B4}.Release|ARM.ActiveCfg = Release|Any CPU
		{9CD61101-82AB-4C3E-B559-7323AFF779B4}.Release|ARM.Build.0 = Release|Any CPU
		{9CD61101-82AB-4C3E-B559-7323AFF779B4}.Release|ARM64.ActiveCfg = Release|Any CPU
		{9CD61101-82AB-4C3E-B559-7323AFF779B4}.Release|ARM64.Build.0 = Release|Any CPU
		{9CD61101-82AB-4C3E-B559-7323AFF779B4}.Release|x64.ActiveCfg = Release|Any CPU
		{9CD61101-82AB-4C3E-B559-7323AFF779B4}.Release|x64.Build.0 = Release|Any CPU
		{9CD61101-82AB-4C3E-B559-7323AFF779B4}.Release|x86.ActiveCfg = Release|Any CPU
		{9CD61101-82AB-4C3E-B559-7323AFF779B4}.Release|x86.Build.0 = Release|Any CPU
		{E47B2228-4EA0-47FF-964B-92EA8E1F0E9A}.Debug|Any CPU.ActiveCfg = Debug|Any CPU
		{E47B2228-4EA0-47FF-964B-92EA8E1F0E9A}.Debug|Any CPU.Build.0 = Debug|Any CPU
		{E47B2228-4EA0-47FF-964B-92EA8E1F0E9A}.Debug|ARM.ActiveCfg = Debug|Any CPU
		{E47B2228-4EA0-47FF-964B-92EA8E1F0E9A}.Debug|ARM.Build.0 = Debug|Any CPU
		{E47B2228-4EA0-47FF-964B-92EA8E1F0E9A}.Debug|ARM64.ActiveCfg = Debug|Any CPU
		{E47B2228-4EA0-47FF-964B-92EA8E1F0E9A}.Debug|ARM64.Build.0 = Debug|Any CPU
		{E47B2228-4EA0-47FF-964B-92EA8E1F0E9A}.Debug|x64.ActiveCfg = Debug|Any CPU
		{E47B2228-4EA0-47FF-964B-92EA8E1F0E9A}.Debug|x64.Build.0 = Debug|Any CPU
		{E47B2228-4EA0-47FF-964B-92EA8E1F0E9A}.Debug|x86.ActiveCfg = Debug|Any CPU
		{E47B2228-4EA0-47FF-964B-92EA8E1F0E9A}.Debug|x86.Build.0 = Debug|Any CPU
		{E47B2228-4EA0-47FF-964B-92EA8E1F0E9A}.Release|Any CPU.ActiveCfg = Release|Any CPU
		{E47B2228-4EA0-47FF-964B-92EA8E1F0E9A}.Release|Any CPU.Build.0 = Release|Any CPU
		{E47B2228-4EA0-47FF-964B-92EA8E1F0E9A}.Release|ARM.ActiveCfg = Release|Any CPU
		{E47B2228-4EA0-47FF-964B-92EA8E1F0E9A}.Release|ARM.Build.0 = Release|Any CPU
		{E47B2228-4EA0-47FF-964B-92EA8E1F0E9A}.Release|ARM64.ActiveCfg = Release|Any CPU
		{E47B2228-4EA0-47FF-964B-92EA8E1F0E9A}.Release|ARM64.Build.0 = Release|Any CPU
		{E47B2228-4EA0-47FF-964B-92EA8E1F0E9A}.Release|x64.ActiveCfg = Release|Any CPU
		{E47B2228-4EA0-47FF-964B-92EA8E1F0E9A}.Release|x64.Build.0 = Release|Any CPU
		{E47B2228-4EA0-47FF-964B-92EA8E1F0E9A}.Release|x86.ActiveCfg = Release|Any CPU
		{E47B2228-4EA0-47FF-964B-92EA8E1F0E9A}.Release|x86.Build.0 = Release|Any CPU
	EndGlobalSection
	GlobalSection(SolutionProperties) = preSolution
		HideSolutionNode = FALSE
	EndGlobalSection
	GlobalSection(NestedProjects) = preSolution
		{8535BDE3-25B5-41D6-BF5D-2DF766AE879B} = {651320D6-1048-4F87-9D8E-75134FAFABDA}
		{6CAD2584-AA69-4A36-8AD4-A90D040003CA} = {3F8EA9C2-D6D1-4B18-8670-DFC24B96972E}
		{8447DF8A-882C-4CA8-A7FB-85D66F12D378} = {651320D6-1048-4F87-9D8E-75134FAFABDA}
		{1D8068E4-7F85-4322-BC06-3D901F392CF1} = {3F8EA9C2-D6D1-4B18-8670-DFC24B96972E}
		{5A21B576-374D-439E-9303-02A5B0256B26} = {651320D6-1048-4F87-9D8E-75134FAFABDA}
		{E85B3A4E-6ECA-4171-8605-55792187FAB4} = {3F8EA9C2-D6D1-4B18-8670-DFC24B96972E}
		{24BCC71A-0998-4B81-9A55-BC00C2A3F8CE} = {651320D6-1048-4F87-9D8E-75134FAFABDA}
		{941DAAE2-EDCA-41A8-93FF-0C4178639A47} = {651320D6-1048-4F87-9D8E-75134FAFABDA}
		{E1777877-6F56-46D0-8747-4BB921ED4C8E} = {3F8EA9C2-D6D1-4B18-8670-DFC24B96972E}
		{D65C61D8-C073-4761-9BA3-C595A079C42E} = {651320D6-1048-4F87-9D8E-75134FAFABDA}
		{75538893-9968-45F1-9C05-EDB837FE0CFE} = {651320D6-1048-4F87-9D8E-75134FAFABDA}
		{898C7105-00AF-45EC-948A-D004BCC01EB6} = {651320D6-1048-4F87-9D8E-75134FAFABDA}
		{A41B59A6-0A3F-40CB-BE84-DD96798942C1} = {651320D6-1048-4F87-9D8E-75134FAFABDA}
		{104B9795-FFBD-46C2-ACB2-318216EC8EEC} = {3F8EA9C2-D6D1-4B18-8670-DFC24B96972E}
		{4B86E6E5-40EA-44F1-BC72-0D6ECCCC8AE7} = {3F8EA9C2-D6D1-4B18-8670-DFC24B96972E}
		{2ED64333-8B11-461E-A009-FFFBFE4BD0D9} = {651320D6-1048-4F87-9D8E-75134FAFABDA}
		{33E4D5F9-B95E-4AE6-A874-7F4A40B2005E} = {651320D6-1048-4F87-9D8E-75134FAFABDA}
		{DCA3C3B2-DBD1-4C92-AC3B-4DE6FAD598A3} = {651320D6-1048-4F87-9D8E-75134FAFABDA}
		{A587EF52-4A3F-4375-A335-9ED7C6D410CB} = {651320D6-1048-4F87-9D8E-75134FAFABDA}
		{168CC48D-C28C-48BA-B6F1-234A0C16597E} = {651320D6-1048-4F87-9D8E-75134FAFABDA}
		{85E5821D-CCC3-44DC-96A0-DFC02953943F} = {3F8EA9C2-D6D1-4B18-8670-DFC24B96972E}
		{694D2813-14FF-456A-B1E7-C5BB82AEE400} = {651320D6-1048-4F87-9D8E-75134FAFABDA}
		{1D1FE7E6-10FF-4A7F-90D6-6E3696EC7D0D} = {651320D6-1048-4F87-9D8E-75134FAFABDA}
		{39195824-8E56-4240-A5A0-7FA4E12099D4} = {651320D6-1048-4F87-9D8E-75134FAFABDA}
		{905A96B2-03C9-4D08-8E8B-E5B0F7F9F33A} = {3F8EA9C2-D6D1-4B18-8670-DFC24B96972E}
		{7E350DE5-B8C4-4EF1-9211-7B35643B1971} = {3F8EA9C2-D6D1-4B18-8670-DFC24B96972E}
		{FEA4E637-0409-40BC-8518-860509FEEA64} = {3F8EA9C2-D6D1-4B18-8670-DFC24B96972E}
		{45E17593-668F-4369-B281-801119B81725} = {651320D6-1048-4F87-9D8E-75134FAFABDA}
		{2BB2C493-7E83-451E-BD75-CEA0FCADC39D} = {45E17593-668F-4369-B281-801119B81725}
		{E721320D-D994-4591-B5C4-183B08A1E9C4} = {45E17593-668F-4369-B281-801119B81725}
		{A1341AAE-334B-4F80-90BA-919B04D1397A} = {45E17593-668F-4369-B281-801119B81725}
		{28A6724D-B858-4FBC-936C-8B1EE218CF29} = {45E17593-668F-4369-B281-801119B81725}
		{A0D1D486-D088-48EE-A286-3960B1E147C4} = {3F8EA9C2-D6D1-4B18-8670-DFC24B96972E}
		{D42F8B39-B034-4919-AEDB-35E17223B4A0} = {3F8EA9C2-D6D1-4B18-8670-DFC24B96972E}
		{F59BA878-C795-4821-AFCD-877DE01B57A3} = {3F8EA9C2-D6D1-4B18-8670-DFC24B96972E}
		{9CD61101-82AB-4C3E-B559-7323AFF779B4} = {3F8EA9C2-D6D1-4B18-8670-DFC24B96972E}
		{E47B2228-4EA0-47FF-964B-92EA8E1F0E9A} = {3F8EA9C2-D6D1-4B18-8670-DFC24B96972E}
	EndGlobalSection
	GlobalSection(ExtensibilityGlobals) = postSolution
		SolutionGuid = {E833ED14-B971-4E09-B27E-76E99BC0FC10}
	EndGlobalSection
	GlobalSection(MonoDevelopProperties) = preSolution
		StartupItem = Splat\Splat-monotouch.csproj
	EndGlobalSection
EndGlobal
