
Microsoft Visual Studio Solution File, Format Version 12.00
# Visual Studio Version 16
VisualStudioVersion = 16.0.29102.190
MinimumVisualStudioVersion = 10.0.40219.1
Project("{9A19103F-16F7-4668-BE54-9A1E7A4F7556}") = "Splat", "Splat\Splat.csproj", "{8535BDE3-25B5-41D6-BF5D-2DF766AE879B}"
EndProject
Project("{2150E333-8FDC-42A3-9474-1A3956D46DE8}") = "Solution Items", "Solution Items", "{C7B370F1-BEF3-4AB7-BA08-CC5D83E74598}"
	ProjectSection(SolutionItems) = preProject
		analyzers.ruleset = analyzers.ruleset
		ApiGeneratorGlobalSuppressions.cs = ApiGeneratorGlobalSuppressions.cs
		Directory.build.props = Directory.build.props
		Directory.build.targets = Directory.build.targets
		global.json = global.json
		stylecop.json = stylecop.json
	EndProjectSection
EndProject
Project("{9A19103F-16F7-4668-BE54-9A1E7A4F7556}") = "Splat.Tests", "Splat.Tests\Splat.Tests.csproj", "{6CAD2584-AA69-4A36-8AD4-A90D040003CA}"
EndProject
Project("{9A19103F-16F7-4668-BE54-9A1E7A4F7556}") = "Splat.Autofac", "Splat.Autofac\Splat.Autofac.csproj", "{8447DF8A-882C-4CA8-A7FB-85D66F12D378}"
EndProject
Project("{9A19103F-16F7-4668-BE54-9A1E7A4F7556}") = "Splat.Autofac.Tests", "Splat.Autofac.Tests\Splat.Autofac.Tests.csproj", "{1D8068E4-7F85-4322-BC06-3D901F392CF1}"
EndProject
Project("{9A19103F-16F7-4668-BE54-9A1E7A4F7556}") = "Splat.SimpleInjector", "Splat.SimpleInjector\Splat.SimpleInjector.csproj", "{5A21B576-374D-439E-9303-02A5B0256B26}"
EndProject
Project("{9A19103F-16F7-4668-BE54-9A1E7A4F7556}") = "Splat.SimpleInjector.Tests", "Splat.SimpleInjector.Tests\Splat.SimpleInjector.Tests.csproj", "{E85B3A4E-6ECA-4171-8605-55792187FAB4}"
EndProject
Project("{9A19103F-16F7-4668-BE54-9A1E7A4F7556}") = "Splat.NLog", "Splat.NLog\Splat.NLog.csproj", "{24BCC71A-0998-4B81-9A55-BC00C2A3F8CE}"
EndProject
Project("{9A19103F-16F7-4668-BE54-9A1E7A4F7556}") = "Splat.DryIoc", "Splat.DryIoc\Splat.DryIoc.csproj", "{941DAAE2-EDCA-41A8-93FF-0C4178639A47}"
EndProject
Project("{9A19103F-16F7-4668-BE54-9A1E7A4F7556}") = "Splat.DryIoc.Tests", "Splat.DryIoc.Tests\Splat.DryIoc.Tests.csproj", "{E1777877-6F56-46D0-8747-4BB921ED4C8E}"
EndProject
Project("{9A19103F-16F7-4668-BE54-9A1E7A4F7556}") = "Splat.Log4Net", "Splat.Log4Net\Splat.Log4Net.csproj", "{D65C61D8-C073-4761-9BA3-C595A079C42E}"
EndProject
Project("{9A19103F-16F7-4668-BE54-9A1E7A4F7556}") = "Splat.Serilog", "Splat.Serilog\Splat.Serilog.csproj", "{75538893-9968-45F1-9C05-EDB837FE0CFE}"
EndProject
Project("{9A19103F-16F7-4668-BE54-9A1E7A4F7556}") = "Splat.Microsoft.Extensions.Logging", "Splat.Microsoft.Extensions.Logging\Splat.Microsoft.Extensions.Logging.csproj", "{898C7105-00AF-45EC-948A-D004BCC01EB6}"
EndProject
Project("{2150E333-8FDC-42A3-9474-1A3956D46DE8}") = "src", "src", "{651320D6-1048-4F87-9D8E-75134FAFABDA}"
EndProject
Project("{2150E333-8FDC-42A3-9474-1A3956D46DE8}") = "test", "test", "{3F8EA9C2-D6D1-4B18-8670-DFC24B96972E}"
EndProject
Project("{9A19103F-16F7-4668-BE54-9A1E7A4F7556}") = "Splat.Ninject", "Splat.Ninject\Splat.Ninject.csproj", "{A41B59A6-0A3F-40CB-BE84-DD96798942C1}"
EndProject
Project("{9A19103F-16F7-4668-BE54-9A1E7A4F7556}") = "Splat.Ninject.Tests", "Splat.Ninject.Tests\Splat.Ninject.Tests.csproj", "{104B9795-FFBD-46C2-ACB2-318216EC8EEC}"
EndProject
Project("{9A19103F-16F7-4668-BE54-9A1E7A4F7556}") = "Splat.Common.Test", "Splat.Common.Test\Splat.Common.Test.csproj", "{4B86E6E5-40EA-44F1-BC72-0D6ECCCC8AE7}"
EndProject
Project("{9A19103F-16F7-4668-BE54-9A1E7A4F7556}") = "Splat.ApplicationInsights", "Splat.ApplicationInsights\Splat.ApplicationInsights.csproj", "{2ED64333-8B11-461E-A009-FFFBFE4BD0D9}"
EndProject
Project("{9A19103F-16F7-4668-BE54-9A1E7A4F7556}") = "Splat.Exceptionless", "Splat.Exceptionless\Splat.Exceptionless.csproj", "{33E4D5F9-B95E-4AE6-A874-7F4A40B2005E}"
EndProject
Project("{FAE04EC0-301F-11D3-BF4B-00C04F79EFBC}") = "Splat.AppCenter", "Splat.AppCenter\Splat.AppCenter.csproj", "{DCA3C3B2-DBD1-4C92-AC3B-4DE6FAD598A3}"
EndProject
Project("{FAE04EC0-301F-11D3-BF4B-00C04F79EFBC}") = "Splat.Raygun", "Splat.Raygun\Splat.Raygun.csproj", "{A587EF52-4A3F-4375-A335-9ED7C6D410CB}"
EndProject
Project("{FAE04EC0-301F-11D3-BF4B-00C04F79EFBC}") = "Splat.Microsoft.Extensions.DependencyInjection", "Splat.Microsoft.Extensions.DependencyInjection\Splat.Microsoft.Extensions.DependencyInjection.csproj", "{168CC48D-C28C-48BA-B6F1-234A0C16597E}"
EndProject
Project("{FAE04EC0-301F-11D3-BF4B-00C04F79EFBC}") = "Splat.Microsoft.Extensions.DependencyInjection.Tests", "Splat.Microsoft.Extensions.DependencyInjection.Tests\Splat.Microsoft.Extensions.DependencyInjection.Tests.csproj", "{85E5821D-CCC3-44DC-96A0-DFC02953943F}"
EndProject
Global
	GlobalSection(SolutionConfigurationPlatforms) = preSolution
		Debug|Any CPU = Debug|Any CPU
		Release|Any CPU = Release|Any CPU
	EndGlobalSection
	GlobalSection(ProjectConfigurationPlatforms) = postSolution
		{8535BDE3-25B5-41D6-BF5D-2DF766AE879B}.Debug|Any CPU.ActiveCfg = Debug|Any CPU
		{8535BDE3-25B5-41D6-BF5D-2DF766AE879B}.Debug|Any CPU.Build.0 = Debug|Any CPU
		{8535BDE3-25B5-41D6-BF5D-2DF766AE879B}.Release|Any CPU.ActiveCfg = Release|Any CPU
		{8535BDE3-25B5-41D6-BF5D-2DF766AE879B}.Release|Any CPU.Build.0 = Release|Any CPU
		{6CAD2584-AA69-4A36-8AD4-A90D040003CA}.Debug|Any CPU.ActiveCfg = Debug|Any CPU
		{6CAD2584-AA69-4A36-8AD4-A90D040003CA}.Debug|Any CPU.Build.0 = Debug|Any CPU
		{6CAD2584-AA69-4A36-8AD4-A90D040003CA}.Release|Any CPU.ActiveCfg = Release|Any CPU
		{6CAD2584-AA69-4A36-8AD4-A90D040003CA}.Release|Any CPU.Build.0 = Release|Any CPU
		{8447DF8A-882C-4CA8-A7FB-85D66F12D378}.Debug|Any CPU.ActiveCfg = Debug|Any CPU
		{8447DF8A-882C-4CA8-A7FB-85D66F12D378}.Debug|Any CPU.Build.0 = Debug|Any CPU
		{8447DF8A-882C-4CA8-A7FB-85D66F12D378}.Release|Any CPU.ActiveCfg = Release|Any CPU
		{8447DF8A-882C-4CA8-A7FB-85D66F12D378}.Release|Any CPU.Build.0 = Release|Any CPU
		{1D8068E4-7F85-4322-BC06-3D901F392CF1}.Debug|Any CPU.ActiveCfg = Debug|Any CPU
		{1D8068E4-7F85-4322-BC06-3D901F392CF1}.Debug|Any CPU.Build.0 = Debug|Any CPU
		{1D8068E4-7F85-4322-BC06-3D901F392CF1}.Release|Any CPU.ActiveCfg = Release|Any CPU
		{1D8068E4-7F85-4322-BC06-3D901F392CF1}.Release|Any CPU.Build.0 = Release|Any CPU
		{5A21B576-374D-439E-9303-02A5B0256B26}.Debug|Any CPU.ActiveCfg = Debug|Any CPU
		{5A21B576-374D-439E-9303-02A5B0256B26}.Debug|Any CPU.Build.0 = Debug|Any CPU
		{5A21B576-374D-439E-9303-02A5B0256B26}.Release|Any CPU.ActiveCfg = Release|Any CPU
		{5A21B576-374D-439E-9303-02A5B0256B26}.Release|Any CPU.Build.0 = Release|Any CPU
		{E85B3A4E-6ECA-4171-8605-55792187FAB4}.Debug|Any CPU.ActiveCfg = Debug|Any CPU
		{E85B3A4E-6ECA-4171-8605-55792187FAB4}.Debug|Any CPU.Build.0 = Debug|Any CPU
		{E85B3A4E-6ECA-4171-8605-55792187FAB4}.Release|Any CPU.ActiveCfg = Release|Any CPU
		{E85B3A4E-6ECA-4171-8605-55792187FAB4}.Release|Any CPU.Build.0 = Release|Any CPU
		{24BCC71A-0998-4B81-9A55-BC00C2A3F8CE}.Debug|Any CPU.ActiveCfg = Debug|Any CPU
		{24BCC71A-0998-4B81-9A55-BC00C2A3F8CE}.Debug|Any CPU.Build.0 = Debug|Any CPU
		{24BCC71A-0998-4B81-9A55-BC00C2A3F8CE}.Release|Any CPU.ActiveCfg = Release|Any CPU
		{24BCC71A-0998-4B81-9A55-BC00C2A3F8CE}.Release|Any CPU.Build.0 = Release|Any CPU
		{941DAAE2-EDCA-41A8-93FF-0C4178639A47}.Debug|Any CPU.ActiveCfg = Debug|Any CPU
		{941DAAE2-EDCA-41A8-93FF-0C4178639A47}.Debug|Any CPU.Build.0 = Debug|Any CPU
		{941DAAE2-EDCA-41A8-93FF-0C4178639A47}.Release|Any CPU.ActiveCfg = Release|Any CPU
		{941DAAE2-EDCA-41A8-93FF-0C4178639A47}.Release|Any CPU.Build.0 = Release|Any CPU
		{E1777877-6F56-46D0-8747-4BB921ED4C8E}.Debug|Any CPU.ActiveCfg = Debug|Any CPU
		{E1777877-6F56-46D0-8747-4BB921ED4C8E}.Debug|Any CPU.Build.0 = Debug|Any CPU
		{E1777877-6F56-46D0-8747-4BB921ED4C8E}.Release|Any CPU.ActiveCfg = Release|Any CPU
		{E1777877-6F56-46D0-8747-4BB921ED4C8E}.Release|Any CPU.Build.0 = Release|Any CPU
		{D65C61D8-C073-4761-9BA3-C595A079C42E}.Debug|Any CPU.ActiveCfg = Debug|Any CPU
		{D65C61D8-C073-4761-9BA3-C595A079C42E}.Debug|Any CPU.Build.0 = Debug|Any CPU
		{D65C61D8-C073-4761-9BA3-C595A079C42E}.Release|Any CPU.ActiveCfg = Release|Any CPU
		{D65C61D8-C073-4761-9BA3-C595A079C42E}.Release|Any CPU.Build.0 = Release|Any CPU
		{75538893-9968-45F1-9C05-EDB837FE0CFE}.Debug|Any CPU.ActiveCfg = Debug|Any CPU
		{75538893-9968-45F1-9C05-EDB837FE0CFE}.Debug|Any CPU.Build.0 = Debug|Any CPU
		{75538893-9968-45F1-9C05-EDB837FE0CFE}.Release|Any CPU.ActiveCfg = Release|Any CPU
		{75538893-9968-45F1-9C05-EDB837FE0CFE}.Release|Any CPU.Build.0 = Release|Any CPU
		{898C7105-00AF-45EC-948A-D004BCC01EB6}.Debug|Any CPU.ActiveCfg = Debug|Any CPU
		{898C7105-00AF-45EC-948A-D004BCC01EB6}.Debug|Any CPU.Build.0 = Debug|Any CPU
		{898C7105-00AF-45EC-948A-D004BCC01EB6}.Release|Any CPU.ActiveCfg = Release|Any CPU
		{898C7105-00AF-45EC-948A-D004BCC01EB6}.Release|Any CPU.Build.0 = Release|Any CPU
		{A41B59A6-0A3F-40CB-BE84-DD96798942C1}.Debug|Any CPU.ActiveCfg = Debug|Any CPU
		{A41B59A6-0A3F-40CB-BE84-DD96798942C1}.Debug|Any CPU.Build.0 = Debug|Any CPU
		{A41B59A6-0A3F-40CB-BE84-DD96798942C1}.Release|Any CPU.ActiveCfg = Release|Any CPU
		{A41B59A6-0A3F-40CB-BE84-DD96798942C1}.Release|Any CPU.Build.0 = Release|Any CPU
		{104B9795-FFBD-46C2-ACB2-318216EC8EEC}.Debug|Any CPU.ActiveCfg = Debug|Any CPU
		{104B9795-FFBD-46C2-ACB2-318216EC8EEC}.Debug|Any CPU.Build.0 = Debug|Any CPU
		{104B9795-FFBD-46C2-ACB2-318216EC8EEC}.Release|Any CPU.ActiveCfg = Release|Any CPU
		{104B9795-FFBD-46C2-ACB2-318216EC8EEC}.Release|Any CPU.Build.0 = Release|Any CPU
		{4B86E6E5-40EA-44F1-BC72-0D6ECCCC8AE7}.Debug|Any CPU.ActiveCfg = Debug|Any CPU
		{4B86E6E5-40EA-44F1-BC72-0D6ECCCC8AE7}.Debug|Any CPU.Build.0 = Debug|Any CPU
		{4B86E6E5-40EA-44F1-BC72-0D6ECCCC8AE7}.Release|Any CPU.ActiveCfg = Release|Any CPU
		{4B86E6E5-40EA-44F1-BC72-0D6ECCCC8AE7}.Release|Any CPU.Build.0 = Release|Any CPU
		{2ED64333-8B11-461E-A009-FFFBFE4BD0D9}.Debug|Any CPU.ActiveCfg = Debug|Any CPU
		{2ED64333-8B11-461E-A009-FFFBFE4BD0D9}.Debug|Any CPU.Build.0 = Debug|Any CPU
		{2ED64333-8B11-461E-A009-FFFBFE4BD0D9}.Release|Any CPU.ActiveCfg = Release|Any CPU
		{2ED64333-8B11-461E-A009-FFFBFE4BD0D9}.Release|Any CPU.Build.0 = Release|Any CPU
		{33E4D5F9-B95E-4AE6-A874-7F4A40B2005E}.Debug|Any CPU.ActiveCfg = Debug|Any CPU
		{33E4D5F9-B95E-4AE6-A874-7F4A40B2005E}.Debug|Any CPU.Build.0 = Debug|Any CPU
		{33E4D5F9-B95E-4AE6-A874-7F4A40B2005E}.Release|Any CPU.ActiveCfg = Release|Any CPU
		{33E4D5F9-B95E-4AE6-A874-7F4A40B2005E}.Release|Any CPU.Build.0 = Release|Any CPU
		{DCA3C3B2-DBD1-4C92-AC3B-4DE6FAD598A3}.Debug|Any CPU.ActiveCfg = Debug|Any CPU
		{DCA3C3B2-DBD1-4C92-AC3B-4DE6FAD598A3}.Debug|Any CPU.Build.0 = Debug|Any CPU
		{DCA3C3B2-DBD1-4C92-AC3B-4DE6FAD598A3}.Release|Any CPU.ActiveCfg = Release|Any CPU
		{DCA3C3B2-DBD1-4C92-AC3B-4DE6FAD598A3}.Release|Any CPU.Build.0 = Release|Any CPU
		{A587EF52-4A3F-4375-A335-9ED7C6D410CB}.Debug|Any CPU.ActiveCfg = Debug|Any CPU
		{A587EF52-4A3F-4375-A335-9ED7C6D410CB}.Debug|Any CPU.Build.0 = Debug|Any CPU
		{A587EF52-4A3F-4375-A335-9ED7C6D410CB}.Release|Any CPU.ActiveCfg = Release|Any CPU
		{A587EF52-4A3F-4375-A335-9ED7C6D410CB}.Release|Any CPU.Build.0 = Release|Any CPU
		{E7957867-EF5A-4765-A2CB-990A6ADFE6BB}.Debug|Any CPU.ActiveCfg = Debug|Any CPU
		{E7957867-EF5A-4765-A2CB-990A6ADFE6BB}.Debug|Any CPU.Build.0 = Debug|Any CPU
		{E7957867-EF5A-4765-A2CB-990A6ADFE6BB}.Debug|Any CPU.Deploy.0 = Debug|Any CPU
		{E7957867-EF5A-4765-A2CB-990A6ADFE6BB}.Release|Any CPU.ActiveCfg = Release|Any CPU
		{E7957867-EF5A-4765-A2CB-990A6ADFE6BB}.Release|Any CPU.Build.0 = Release|Any CPU
		{E7957867-EF5A-4765-A2CB-990A6ADFE6BB}.Release|Any CPU.Deploy.0 = Release|Any CPU
		{168CC48D-C28C-48BA-B6F1-234A0C16597E}.Debug|Any CPU.ActiveCfg = Debug|Any CPU
		{168CC48D-C28C-48BA-B6F1-234A0C16597E}.Debug|Any CPU.Build.0 = Debug|Any CPU
		{168CC48D-C28C-48BA-B6F1-234A0C16597E}.Release|Any CPU.ActiveCfg = Release|Any CPU
		{168CC48D-C28C-48BA-B6F1-234A0C16597E}.Release|Any CPU.Build.0 = Release|Any CPU
		{85E5821D-CCC3-44DC-96A0-DFC02953943F}.Debug|Any CPU.ActiveCfg = Debug|Any CPU
		{85E5821D-CCC3-44DC-96A0-DFC02953943F}.Debug|Any CPU.Build.0 = Debug|Any CPU
		{85E5821D-CCC3-44DC-96A0-DFC02953943F}.Release|Any CPU.ActiveCfg = Release|Any CPU
		{85E5821D-CCC3-44DC-96A0-DFC02953943F}.Release|Any CPU.Build.0 = Release|Any CPU
	EndGlobalSection
	GlobalSection(SolutionProperties) = preSolution
		HideSolutionNode = FALSE
	EndGlobalSection
	GlobalSection(NestedProjects) = preSolution
		{8535BDE3-25B5-41D6-BF5D-2DF766AE879B} = {651320D6-1048-4F87-9D8E-75134FAFABDA}
		{6CAD2584-AA69-4A36-8AD4-A90D040003CA} = {3F8EA9C2-D6D1-4B18-8670-DFC24B96972E}
		{8447DF8A-882C-4CA8-A7FB-85D66F12D378} = {651320D6-1048-4F87-9D8E-75134FAFABDA}
		{1D8068E4-7F85-4322-BC06-3D901F392CF1} = {3F8EA9C2-D6D1-4B18-8670-DFC24B96972E}
		{5A21B576-374D-439E-9303-02A5B0256B26} = {651320D6-1048-4F87-9D8E-75134FAFABDA}
		{E85B3A4E-6ECA-4171-8605-55792187FAB4} = {3F8EA9C2-D6D1-4B18-8670-DFC24B96972E}
		{24BCC71A-0998-4B81-9A55-BC00C2A3F8CE} = {651320D6-1048-4F87-9D8E-75134FAFABDA}
		{941DAAE2-EDCA-41A8-93FF-0C4178639A47} = {651320D6-1048-4F87-9D8E-75134FAFABDA}
		{E1777877-6F56-46D0-8747-4BB921ED4C8E} = {3F8EA9C2-D6D1-4B18-8670-DFC24B96972E}
		{D65C61D8-C073-4761-9BA3-C595A079C42E} = {651320D6-1048-4F87-9D8E-75134FAFABDA}
		{75538893-9968-45F1-9C05-EDB837FE0CFE} = {651320D6-1048-4F87-9D8E-75134FAFABDA}
		{898C7105-00AF-45EC-948A-D004BCC01EB6} = {651320D6-1048-4F87-9D8E-75134FAFABDA}
		{A41B59A6-0A3F-40CB-BE84-DD96798942C1} = {651320D6-1048-4F87-9D8E-75134FAFABDA}
		{104B9795-FFBD-46C2-ACB2-318216EC8EEC} = {3F8EA9C2-D6D1-4B18-8670-DFC24B96972E}
		{4B86E6E5-40EA-44F1-BC72-0D6ECCCC8AE7} = {3F8EA9C2-D6D1-4B18-8670-DFC24B96972E}
		{2ED64333-8B11-461E-A009-FFFBFE4BD0D9} = {651320D6-1048-4F87-9D8E-75134FAFABDA}
		{33E4D5F9-B95E-4AE6-A874-7F4A40B2005E} = {651320D6-1048-4F87-9D8E-75134FAFABDA}
		{DCA3C3B2-DBD1-4C92-AC3B-4DE6FAD598A3} = {651320D6-1048-4F87-9D8E-75134FAFABDA}
		{A587EF52-4A3F-4375-A335-9ED7C6D410CB} = {651320D6-1048-4F87-9D8E-75134FAFABDA}
		{E7957867-EF5A-4765-A2CB-990A6ADFE6BB} = {3F8EA9C2-D6D1-4B18-8670-DFC24B96972E}
		{168CC48D-C28C-48BA-B6F1-234A0C16597E} = {651320D6-1048-4F87-9D8E-75134FAFABDA}
		{85E5821D-CCC3-44DC-96A0-DFC02953943F} = {3F8EA9C2-D6D1-4B18-8670-DFC24B96972E}
	EndGlobalSection
	GlobalSection(ExtensibilityGlobals) = postSolution
		SolutionGuid = {E833ED14-B971-4E09-B27E-76E99BC0FC10}
	EndGlobalSection
	GlobalSection(MonoDevelopProperties) = preSolution
		StartupItem = Splat\Splat-monotouch.csproj
	EndGlobalSection
EndGlobal
